// !$*UTF8*$!
{
	archiveVersion = 1;
	classes = {
	};
	objectVersion = 50;
	objects = {

/* Begin PBXBuildFile section */
		00EC0896CB37815605F51DF2 /* Pods_architecturesUITests.framework in Frameworks */ = {isa = PBXBuildFile; fileRef = 4106691E116ED7F4A0307BB3 /* Pods_architecturesUITests.framework */; };
		23F230EEFA6252D1F9F272C5 /* Pods_architecturesTests.framework in Frameworks */ = {isa = PBXBuildFile; fileRef = 094F1EA3778082BA0F00ABAD /* Pods_architecturesTests.framework */; };
		9915FCC920B054B000DEE8A1 /* FVC-View.swift in Sources */ = {isa = PBXBuildFile; fileRef = 9915FCC820B054B000DEE8A1 /* FVC-View.swift */; };
		9915FCCB20B054C300DEE8A1 /* FVC-ViewController.swift in Sources */ = {isa = PBXBuildFile; fileRef = 9915FCCA20B054C300DEE8A1 /* FVC-ViewController.swift */; };
		9915FCCF20B0583C00DEE8A1 /* PP-Builder.swift in Sources */ = {isa = PBXBuildFile; fileRef = 9915FCCE20B0583C00DEE8A1 /* PP-Builder.swift */; };
		9915FCD120B058A100DEE8A1 /* PP-ViewController.swift in Sources */ = {isa = PBXBuildFile; fileRef = 9915FCD020B058A100DEE8A1 /* PP-ViewController.swift */; };
		9915FCD320B074AE00DEE8A1 /* Accounts.swift in Sources */ = {isa = PBXBuildFile; fileRef = 9915FCD220B074AE00DEE8A1 /* Accounts.swift */; };
		9915FCD520B0FF4800DEE8A1 /* Error.swift in Sources */ = {isa = PBXBuildFile; fileRef = 9915FCD420B0FF4800DEE8A1 /* Error.swift */; };
		9915FCD820B1156D00DEE8A1 /* DDD-InftastructureTests.swift in Sources */ = {isa = PBXBuildFile; fileRef = 9915FCD720B1156D00DEE8A1 /* DDD-InftastructureTests.swift */; };
		9915FCDB20B1474D00DEE8A1 /* RVC-ViewController.swift in Sources */ = {isa = PBXBuildFile; fileRef = 9915FCDA20B1474D00DEE8A1 /* RVC-ViewController.swift */; };
		9915FCDE20B14C9000DEE8A1 /* EnumCollection.swift in Sources */ = {isa = PBXBuildFile; fileRef = 9915FCDD20B14C9000DEE8A1 /* EnumCollection.swift */; };
		9915FCE320B1591900DEE8A1 /* ErrorHandring.swift in Sources */ = {isa = PBXBuildFile; fileRef = 9915FCE220B1591900DEE8A1 /* ErrorHandring.swift */; };
		99178B1D20AFE8F3008E7407 /* AppDelegate.swift in Sources */ = {isa = PBXBuildFile; fileRef = 99178B1C20AFE8F3008E7407 /* AppDelegate.swift */; };
		99178B1F20AFE8F3008E7407 /* ViewController.swift in Sources */ = {isa = PBXBuildFile; fileRef = 99178B1E20AFE8F3008E7407 /* ViewController.swift */; };
		99178B2220AFE8F3008E7407 /* Main.storyboard in Resources */ = {isa = PBXBuildFile; fileRef = 99178B2020AFE8F3008E7407 /* Main.storyboard */; };
		99178B2420AFE8F4008E7407 /* Assets.xcassets in Resources */ = {isa = PBXBuildFile; fileRef = 99178B2320AFE8F4008E7407 /* Assets.xcassets */; };
		99178B2720AFE8F4008E7407 /* LaunchScreen.storyboard in Resources */ = {isa = PBXBuildFile; fileRef = 99178B2520AFE8F4008E7407 /* LaunchScreen.storyboard */; };
		99178B3220AFE8F4008E7407 /* architecturesTests.swift in Sources */ = {isa = PBXBuildFile; fileRef = 99178B3120AFE8F4008E7407 /* architecturesTests.swift */; };
		99178B3D20AFE8F4008E7407 /* architecturesUITests.swift in Sources */ = {isa = PBXBuildFile; fileRef = 99178B3C20AFE8F4008E7407 /* architecturesUITests.swift */; };
		99178B4C20AFECE7008E7407 /* SplitViewControlelr.swift in Sources */ = {isa = PBXBuildFile; fileRef = 99178B4B20AFECE7008E7407 /* SplitViewControlelr.swift */; };
		99178B5120AFEE13008E7407 /* MasterViewController.swift in Sources */ = {isa = PBXBuildFile; fileRef = 99178B5020AFEE13008E7407 /* MasterViewController.swift */; };
		99178B5320AFEE62008E7407 /* DetailsViewController.swift in Sources */ = {isa = PBXBuildFile; fileRef = 99178B5220AFEE62008E7407 /* DetailsViewController.swift */; };
		99178B5620AFF017008E7407 /* MasterViewControllerEureka.swift in Sources */ = {isa = PBXBuildFile; fileRef = 99178B5520AFF017008E7407 /* MasterViewControllerEureka.swift */; };
		99178B5B20AFF4AE008E7407 /* MVC-Builder.swift in Sources */ = {isa = PBXBuildFile; fileRef = 99178B5A20AFF4AE008E7407 /* MVC-Builder.swift */; };
		99178B5D20AFFC0E008E7407 /* MVC-View.swift in Sources */ = {isa = PBXBuildFile; fileRef = 99178B5C20AFFC0E008E7407 /* MVC-View.swift */; };
		99178B5F20AFFC1D008E7407 /* MVC-Controller.swift in Sources */ = {isa = PBXBuildFile; fileRef = 99178B5E20AFFC1D008E7407 /* MVC-Controller.swift */; };
		99178B6120AFFC33008E7407 /* MVC-Model.swift in Sources */ = {isa = PBXBuildFile; fileRef = 99178B6020AFFC33008E7407 /* MVC-Model.swift */; };
		99178B7720B001FD008E7407 /* MVP-Builder.swift in Sources */ = {isa = PBXBuildFile; fileRef = 99178B6420B001FD008E7407 /* MVP-Builder.swift */; };
		99178B7820B001FD008E7407 /* MVP-Presenter.swift in Sources */ = {isa = PBXBuildFile; fileRef = 99178B6520B001FD008E7407 /* MVP-Presenter.swift */; };
		99178B7920B001FD008E7407 /* MVP-View.swift in Sources */ = {isa = PBXBuildFile; fileRef = 99178B6620B001FD008E7407 /* MVP-View.swift */; };
		99178B7A20B001FD008E7407 /* MVP-Model.swift in Sources */ = {isa = PBXBuildFile; fileRef = 99178B6720B001FD008E7407 /* MVP-Model.swift */; };
		99178B7B20B001FD008E7407 /* MVVM-ViewModel.swift in Sources */ = {isa = PBXBuildFile; fileRef = 99178B6920B001FD008E7407 /* MVVM-ViewModel.swift */; };
		99178B7C20B001FD008E7407 /* MVVM-Model.swift in Sources */ = {isa = PBXBuildFile; fileRef = 99178B6A20B001FD008E7407 /* MVVM-Model.swift */; };
		99178B7D20B001FD008E7407 /* MVVM-View.swift in Sources */ = {isa = PBXBuildFile; fileRef = 99178B6B20B001FD008E7407 /* MVVM-View.swift */; };
		99178B7E20B001FD008E7407 /* MVVM-Builder.swift in Sources */ = {isa = PBXBuildFile; fileRef = 99178B6C20B001FD008E7407 /* MVVM-Builder.swift */; };
		99178BCB20B01792008E7407 /* CA-Repository.swift in Sources */ = {isa = PBXBuildFile; fileRef = 99178BB220B01791008E7407 /* CA-Repository.swift */; };
		99178BCC20B01792008E7407 /* CA-Entity.swift in Sources */ = {isa = PBXBuildFile; fileRef = 99178BB420B01791008E7407 /* CA-Entity.swift */; };
		99178BCD20B01792008E7407 /* CA-DataStore.swift in Sources */ = {isa = PBXBuildFile; fileRef = 99178BB620B01791008E7407 /* CA-DataStore.swift */; };
		99178BCE20B01792008E7407 /* CA-Wireframe.swift in Sources */ = {isa = PBXBuildFile; fileRef = 99178BB920B01791008E7407 /* CA-Wireframe.swift */; };
		99178BCF20B01792008E7407 /* CA-Builder.swift in Sources */ = {isa = PBXBuildFile; fileRef = 99178BBB20B01791008E7407 /* CA-Builder.swift */; };
		99178BD020B01792008E7407 /* CA-Translator.swift in Sources */ = {isa = PBXBuildFile; fileRef = 99178BBE20B01792008E7407 /* CA-Translator.swift */; };
		99178BD120B01792008E7407 /* CA-Model.swift in Sources */ = {isa = PBXBuildFile; fileRef = 99178BC020B01792008E7407 /* CA-Model.swift */; };
		99178BD220B01792008E7407 /* CA-UseCase.swift in Sources */ = {isa = PBXBuildFile; fileRef = 99178BC220B01792008E7407 /* CA-UseCase.swift */; };
		99178BD320B01792008E7407 /* CA-View.swift in Sources */ = {isa = PBXBuildFile; fileRef = 99178BC620B01792008E7407 /* CA-View.swift */; };
		99178BD420B01792008E7407 /* CA-ViewController.swift in Sources */ = {isa = PBXBuildFile; fileRef = 99178BC820B01792008E7407 /* CA-ViewController.swift */; };
		99178BD520B01792008E7407 /* CA-Presenter.swift in Sources */ = {isa = PBXBuildFile; fileRef = 99178BCA20B01792008E7407 /* CA-Presenter.swift */; };
		99178BD820B04B8C008E7407 /* DDD-UserInterface.swift in Sources */ = {isa = PBXBuildFile; fileRef = 99178BD720B04B8C008E7407 /* DDD-UserInterface.swift */; };
		99178BDA20B04B9F008E7407 /* DDD-Application.swift in Sources */ = {isa = PBXBuildFile; fileRef = 99178BD920B04B9F008E7407 /* DDD-Application.swift */; };
		99178BDC20B04BAA008E7407 /* DDD-Domain.swift in Sources */ = {isa = PBXBuildFile; fileRef = 99178BDB20B04BAA008E7407 /* DDD-Domain.swift */; };
		99178BDE20B04BBD008E7407 /* DDD-Infrastructure.swift in Sources */ = {isa = PBXBuildFile; fileRef = 99178BDD20B04BBD008E7407 /* DDD-Infrastructure.swift */; };
		99178BE020B04C2A008E7407 /* View.swift in Sources */ = {isa = PBXBuildFile; fileRef = 99178BDF20B04C2A008E7407 /* View.swift */; };
		99178BE220B04CE8008E7407 /* DDD-Builder.swift in Sources */ = {isa = PBXBuildFile; fileRef = 99178BE120B04CE8008E7407 /* DDD-Builder.swift */; };
		9940CEBF20B16BF400260A36 /* RVC-Builder.swift in Sources */ = {isa = PBXBuildFile; fileRef = 9940CEBE20B16BF400260A36 /* RVC-Builder.swift */; };
		9940CEC220B457C800260A36 /* TestViewController.swift in Sources */ = {isa = PBXBuildFile; fileRef = 9940CEC120B457C800260A36 /* TestViewController.swift */; };
		9940CEC420B45B1D00260A36 /* RxSwift+.swift in Sources */ = {isa = PBXBuildFile; fileRef = 9940CEC320B45B1D00260A36 /* RxSwift+.swift */; };
		9940CEC920B6CC7800260A36 /* BalanceView.swift in Sources */ = {isa = PBXBuildFile; fileRef = 9940CEC820B6CC7800260A36 /* BalanceView.swift */; };
		EA9D3F9839DF9177A8F4B530 /* Pods_architectures.framework in Frameworks */ = {isa = PBXBuildFile; fileRef = 9C18743FDDD1E934AE19EBF6 /* Pods_architectures.framework */; };
/* End PBXBuildFile section */

/* Begin PBXContainerItemProxy section */
		99178B2E20AFE8F4008E7407 /* PBXContainerItemProxy */ = {
			isa = PBXContainerItemProxy;
			containerPortal = 99178B1120AFE8F3008E7407 /* Project object */;
			proxyType = 1;
			remoteGlobalIDString = 99178B1820AFE8F3008E7407;
			remoteInfo = architectures;
		};
		99178B3920AFE8F4008E7407 /* PBXContainerItemProxy */ = {
			isa = PBXContainerItemProxy;
			containerPortal = 99178B1120AFE8F3008E7407 /* Project object */;
			proxyType = 1;
			remoteGlobalIDString = 99178B1820AFE8F3008E7407;
			remoteInfo = architectures;
		};
/* End PBXContainerItemProxy section */

/* Begin PBXFileReference section */
		094F1EA3778082BA0F00ABAD /* Pods_architecturesTests.framework */ = {isa = PBXFileReference; explicitFileType = wrapper.framework; includeInIndex = 0; path = Pods_architecturesTests.framework; sourceTree = BUILT_PRODUCTS_DIR; };
		24E129B6101DE5815AC31525 /* Pods-architecturesTests.release.xcconfig */ = {isa = PBXFileReference; includeInIndex = 1; lastKnownFileType = text.xcconfig; name = "Pods-architecturesTests.release.xcconfig"; path = "Pods/Target Support Files/Pods-architecturesTests/Pods-architecturesTests.release.xcconfig"; sourceTree = "<group>"; };
		3A2BED04DF00817809493BA8 /* Pods-architectures.release.xcconfig */ = {isa = PBXFileReference; includeInIndex = 1; lastKnownFileType = text.xcconfig; name = "Pods-architectures.release.xcconfig"; path = "Pods/Target Support Files/Pods-architectures/Pods-architectures.release.xcconfig"; sourceTree = "<group>"; };
		4106691E116ED7F4A0307BB3 /* Pods_architecturesUITests.framework */ = {isa = PBXFileReference; explicitFileType = wrapper.framework; includeInIndex = 0; path = Pods_architecturesUITests.framework; sourceTree = BUILT_PRODUCTS_DIR; };
		9915FCC820B054B000DEE8A1 /* FVC-View.swift */ = {isa = PBXFileReference; lastKnownFileType = sourcecode.swift; path = "FVC-View.swift"; sourceTree = "<group>"; };
		9915FCCA20B054C300DEE8A1 /* FVC-ViewController.swift */ = {isa = PBXFileReference; lastKnownFileType = sourcecode.swift; path = "FVC-ViewController.swift"; sourceTree = "<group>"; };
		9915FCCE20B0583C00DEE8A1 /* PP-Builder.swift */ = {isa = PBXFileReference; lastKnownFileType = sourcecode.swift; path = "PP-Builder.swift"; sourceTree = "<group>"; };
		9915FCD020B058A100DEE8A1 /* PP-ViewController.swift */ = {isa = PBXFileReference; lastKnownFileType = sourcecode.swift; path = "PP-ViewController.swift"; sourceTree = "<group>"; };
		9915FCD220B074AE00DEE8A1 /* Accounts.swift */ = {isa = PBXFileReference; lastKnownFileType = sourcecode.swift; path = Accounts.swift; sourceTree = "<group>"; };
		9915FCD420B0FF4800DEE8A1 /* Error.swift */ = {isa = PBXFileReference; lastKnownFileType = sourcecode.swift; path = Error.swift; sourceTree = "<group>"; };
		9915FCD720B1156D00DEE8A1 /* DDD-InftastructureTests.swift */ = {isa = PBXFileReference; lastKnownFileType = sourcecode.swift; path = "DDD-InftastructureTests.swift"; sourceTree = "<group>"; };
		9915FCDA20B1474D00DEE8A1 /* RVC-ViewController.swift */ = {isa = PBXFileReference; lastKnownFileType = sourcecode.swift; path = "RVC-ViewController.swift"; sourceTree = "<group>"; };
		9915FCDD20B14C9000DEE8A1 /* EnumCollection.swift */ = {isa = PBXFileReference; lastKnownFileType = sourcecode.swift; path = EnumCollection.swift; sourceTree = "<group>"; };
		9915FCE220B1591900DEE8A1 /* ErrorHandring.swift */ = {isa = PBXFileReference; lastKnownFileType = sourcecode.swift; path = ErrorHandring.swift; sourceTree = "<group>"; };
		99178B1920AFE8F3008E7407 /* architectures.app */ = {isa = PBXFileReference; explicitFileType = wrapper.application; includeInIndex = 0; path = architectures.app; sourceTree = BUILT_PRODUCTS_DIR; };
		99178B1C20AFE8F3008E7407 /* AppDelegate.swift */ = {isa = PBXFileReference; lastKnownFileType = sourcecode.swift; path = AppDelegate.swift; sourceTree = "<group>"; };
		99178B1E20AFE8F3008E7407 /* ViewController.swift */ = {isa = PBXFileReference; lastKnownFileType = sourcecode.swift; path = ViewController.swift; sourceTree = "<group>"; };
		99178B2120AFE8F3008E7407 /* Base */ = {isa = PBXFileReference; lastKnownFileType = file.storyboard; name = Base; path = Base.lproj/Main.storyboard; sourceTree = "<group>"; };
		99178B2320AFE8F4008E7407 /* Assets.xcassets */ = {isa = PBXFileReference; lastKnownFileType = folder.assetcatalog; path = Assets.xcassets; sourceTree = "<group>"; };
		99178B2620AFE8F4008E7407 /* Base */ = {isa = PBXFileReference; lastKnownFileType = file.storyboard; name = Base; path = Base.lproj/LaunchScreen.storyboard; sourceTree = "<group>"; };
		99178B2820AFE8F4008E7407 /* Info.plist */ = {isa = PBXFileReference; lastKnownFileType = text.plist.xml; path = Info.plist; sourceTree = "<group>"; };
		99178B2D20AFE8F4008E7407 /* architecturesTests.xctest */ = {isa = PBXFileReference; explicitFileType = wrapper.cfbundle; includeInIndex = 0; path = architecturesTests.xctest; sourceTree = BUILT_PRODUCTS_DIR; };
		99178B3120AFE8F4008E7407 /* architecturesTests.swift */ = {isa = PBXFileReference; lastKnownFileType = sourcecode.swift; path = architecturesTests.swift; sourceTree = "<group>"; };
		99178B3320AFE8F4008E7407 /* Info.plist */ = {isa = PBXFileReference; lastKnownFileType = text.plist.xml; path = Info.plist; sourceTree = "<group>"; };
		99178B3820AFE8F4008E7407 /* architecturesUITests.xctest */ = {isa = PBXFileReference; explicitFileType = wrapper.cfbundle; includeInIndex = 0; path = architecturesUITests.xctest; sourceTree = BUILT_PRODUCTS_DIR; };
		99178B3C20AFE8F4008E7407 /* architecturesUITests.swift */ = {isa = PBXFileReference; lastKnownFileType = sourcecode.swift; path = architecturesUITests.swift; sourceTree = "<group>"; };
		99178B3E20AFE8F4008E7407 /* Info.plist */ = {isa = PBXFileReference; lastKnownFileType = text.plist.xml; path = Info.plist; sourceTree = "<group>"; };
		99178B4B20AFECE7008E7407 /* SplitViewControlelr.swift */ = {isa = PBXFileReference; lastKnownFileType = sourcecode.swift; path = SplitViewControlelr.swift; sourceTree = "<group>"; };
		99178B5020AFEE13008E7407 /* MasterViewController.swift */ = {isa = PBXFileReference; lastKnownFileType = sourcecode.swift; path = MasterViewController.swift; sourceTree = "<group>"; };
		99178B5220AFEE62008E7407 /* DetailsViewController.swift */ = {isa = PBXFileReference; lastKnownFileType = sourcecode.swift; path = DetailsViewController.swift; sourceTree = "<group>"; };
		99178B5520AFF017008E7407 /* MasterViewControllerEureka.swift */ = {isa = PBXFileReference; lastKnownFileType = sourcecode.swift; path = MasterViewControllerEureka.swift; sourceTree = "<group>"; };
		99178B5A20AFF4AE008E7407 /* MVC-Builder.swift */ = {isa = PBXFileReference; lastKnownFileType = sourcecode.swift; path = "MVC-Builder.swift"; sourceTree = "<group>"; };
		99178B5C20AFFC0E008E7407 /* MVC-View.swift */ = {isa = PBXFileReference; lastKnownFileType = sourcecode.swift; path = "MVC-View.swift"; sourceTree = "<group>"; };
		99178B5E20AFFC1D008E7407 /* MVC-Controller.swift */ = {isa = PBXFileReference; lastKnownFileType = sourcecode.swift; path = "MVC-Controller.swift"; sourceTree = "<group>"; };
		99178B6020AFFC33008E7407 /* MVC-Model.swift */ = {isa = PBXFileReference; lastKnownFileType = sourcecode.swift; path = "MVC-Model.swift"; sourceTree = "<group>"; };
		99178B6420B001FD008E7407 /* MVP-Builder.swift */ = {isa = PBXFileReference; fileEncoding = 4; lastKnownFileType = sourcecode.swift; path = "MVP-Builder.swift"; sourceTree = "<group>"; };
		99178B6520B001FD008E7407 /* MVP-Presenter.swift */ = {isa = PBXFileReference; fileEncoding = 4; lastKnownFileType = sourcecode.swift; path = "MVP-Presenter.swift"; sourceTree = "<group>"; };
		99178B6620B001FD008E7407 /* MVP-View.swift */ = {isa = PBXFileReference; fileEncoding = 4; lastKnownFileType = sourcecode.swift; path = "MVP-View.swift"; sourceTree = "<group>"; };
		99178B6720B001FD008E7407 /* MVP-Model.swift */ = {isa = PBXFileReference; fileEncoding = 4; lastKnownFileType = sourcecode.swift; path = "MVP-Model.swift"; sourceTree = "<group>"; };
		99178B6920B001FD008E7407 /* MVVM-ViewModel.swift */ = {isa = PBXFileReference; fileEncoding = 4; lastKnownFileType = sourcecode.swift; path = "MVVM-ViewModel.swift"; sourceTree = "<group>"; };
		99178B6A20B001FD008E7407 /* MVVM-Model.swift */ = {isa = PBXFileReference; fileEncoding = 4; lastKnownFileType = sourcecode.swift; path = "MVVM-Model.swift"; sourceTree = "<group>"; };
		99178B6B20B001FD008E7407 /* MVVM-View.swift */ = {isa = PBXFileReference; fileEncoding = 4; lastKnownFileType = sourcecode.swift; path = "MVVM-View.swift"; sourceTree = "<group>"; };
		99178B6C20B001FD008E7407 /* MVVM-Builder.swift */ = {isa = PBXFileReference; fileEncoding = 4; lastKnownFileType = sourcecode.swift; path = "MVVM-Builder.swift"; sourceTree = "<group>"; };
		99178BB220B01791008E7407 /* CA-Repository.swift */ = {isa = PBXFileReference; fileEncoding = 4; lastKnownFileType = sourcecode.swift; path = "CA-Repository.swift"; sourceTree = "<group>"; };
		99178BB420B01791008E7407 /* CA-Entity.swift */ = {isa = PBXFileReference; fileEncoding = 4; lastKnownFileType = sourcecode.swift; path = "CA-Entity.swift"; sourceTree = "<group>"; };
		99178BB620B01791008E7407 /* CA-DataStore.swift */ = {isa = PBXFileReference; fileEncoding = 4; lastKnownFileType = sourcecode.swift; path = "CA-DataStore.swift"; sourceTree = "<group>"; };
		99178BB920B01791008E7407 /* CA-Wireframe.swift */ = {isa = PBXFileReference; fileEncoding = 4; lastKnownFileType = sourcecode.swift; path = "CA-Wireframe.swift"; sourceTree = "<group>"; };
		99178BBB20B01791008E7407 /* CA-Builder.swift */ = {isa = PBXFileReference; fileEncoding = 4; lastKnownFileType = sourcecode.swift; path = "CA-Builder.swift"; sourceTree = "<group>"; };
		99178BBE20B01792008E7407 /* CA-Translator.swift */ = {isa = PBXFileReference; fileEncoding = 4; lastKnownFileType = sourcecode.swift; path = "CA-Translator.swift"; sourceTree = "<group>"; };
		99178BC020B01792008E7407 /* CA-Model.swift */ = {isa = PBXFileReference; fileEncoding = 4; lastKnownFileType = sourcecode.swift; path = "CA-Model.swift"; sourceTree = "<group>"; };
		99178BC220B01792008E7407 /* CA-UseCase.swift */ = {isa = PBXFileReference; fileEncoding = 4; lastKnownFileType = sourcecode.swift; path = "CA-UseCase.swift"; sourceTree = "<group>"; };
		99178BC620B01792008E7407 /* CA-View.swift */ = {isa = PBXFileReference; fileEncoding = 4; lastKnownFileType = sourcecode.swift; path = "CA-View.swift"; sourceTree = "<group>"; };
		99178BC820B01792008E7407 /* CA-ViewController.swift */ = {isa = PBXFileReference; fileEncoding = 4; lastKnownFileType = sourcecode.swift; path = "CA-ViewController.swift"; sourceTree = "<group>"; };
		99178BCA20B01792008E7407 /* CA-Presenter.swift */ = {isa = PBXFileReference; fileEncoding = 4; lastKnownFileType = sourcecode.swift; path = "CA-Presenter.swift"; sourceTree = "<group>"; };
		99178BD720B04B8C008E7407 /* DDD-UserInterface.swift */ = {isa = PBXFileReference; lastKnownFileType = sourcecode.swift; path = "DDD-UserInterface.swift"; sourceTree = "<group>"; };
		99178BD920B04B9F008E7407 /* DDD-Application.swift */ = {isa = PBXFileReference; lastKnownFileType = sourcecode.swift; path = "DDD-Application.swift"; sourceTree = "<group>"; };
		99178BDB20B04BAA008E7407 /* DDD-Domain.swift */ = {isa = PBXFileReference; lastKnownFileType = sourcecode.swift; path = "DDD-Domain.swift"; sourceTree = "<group>"; };
		99178BDD20B04BBD008E7407 /* DDD-Infrastructure.swift */ = {isa = PBXFileReference; lastKnownFileType = sourcecode.swift; path = "DDD-Infrastructure.swift"; sourceTree = "<group>"; };
		99178BDF20B04C2A008E7407 /* View.swift */ = {isa = PBXFileReference; lastKnownFileType = sourcecode.swift; path = View.swift; sourceTree = "<group>"; };
		99178BE120B04CE8008E7407 /* DDD-Builder.swift */ = {isa = PBXFileReference; lastKnownFileType = sourcecode.swift; path = "DDD-Builder.swift"; sourceTree = "<group>"; };
		9940CEBE20B16BF400260A36 /* RVC-Builder.swift */ = {isa = PBXFileReference; lastKnownFileType = sourcecode.swift; path = "RVC-Builder.swift"; sourceTree = "<group>"; };
		9940CEC120B457C800260A36 /* TestViewController.swift */ = {isa = PBXFileReference; lastKnownFileType = sourcecode.swift; path = TestViewController.swift; sourceTree = "<group>"; };
		9940CEC320B45B1D00260A36 /* RxSwift+.swift */ = {isa = PBXFileReference; lastKnownFileType = sourcecode.swift; path = "RxSwift+.swift"; sourceTree = "<group>"; };
		9940CEC820B6CC7800260A36 /* BalanceView.swift */ = {isa = PBXFileReference; lastKnownFileType = sourcecode.swift; path = BalanceView.swift; sourceTree = "<group>"; };
		9C18743FDDD1E934AE19EBF6 /* Pods_architectures.framework */ = {isa = PBXFileReference; explicitFileType = wrapper.framework; includeInIndex = 0; path = Pods_architectures.framework; sourceTree = BUILT_PRODUCTS_DIR; };
		9C26A8A79362503D7C6040E3 /* Pods-architecturesTests.debug.xcconfig */ = {isa = PBXFileReference; includeInIndex = 1; lastKnownFileType = text.xcconfig; name = "Pods-architecturesTests.debug.xcconfig"; path = "Pods/Target Support Files/Pods-architecturesTests/Pods-architecturesTests.debug.xcconfig"; sourceTree = "<group>"; };
		AB1C98A2DB87E9322CF21174 /* Pods-architecturesUITests.debug.xcconfig */ = {isa = PBXFileReference; includeInIndex = 1; lastKnownFileType = text.xcconfig; name = "Pods-architecturesUITests.debug.xcconfig"; path = "Pods/Target Support Files/Pods-architecturesUITests/Pods-architecturesUITests.debug.xcconfig"; sourceTree = "<group>"; };
		E38846866D42B522AFED8166 /* Pods-architecturesUITests.release.xcconfig */ = {isa = PBXFileReference; includeInIndex = 1; lastKnownFileType = text.xcconfig; name = "Pods-architecturesUITests.release.xcconfig"; path = "Pods/Target Support Files/Pods-architecturesUITests/Pods-architecturesUITests.release.xcconfig"; sourceTree = "<group>"; };
		E4C5A1D8A77B83F3237E5A1D /* Pods-architectures.debug.xcconfig */ = {isa = PBXFileReference; includeInIndex = 1; lastKnownFileType = text.xcconfig; name = "Pods-architectures.debug.xcconfig"; path = "Pods/Target Support Files/Pods-architectures/Pods-architectures.debug.xcconfig"; sourceTree = "<group>"; };
/* End PBXFileReference section */

/* Begin PBXFrameworksBuildPhase section */
		99178B1620AFE8F3008E7407 /* Frameworks */ = {
			isa = PBXFrameworksBuildPhase;
			buildActionMask = 2147483647;
			files = (
				EA9D3F9839DF9177A8F4B530 /* Pods_architectures.framework in Frameworks */,
			);
			runOnlyForDeploymentPostprocessing = 0;
		};
		99178B2A20AFE8F4008E7407 /* Frameworks */ = {
			isa = PBXFrameworksBuildPhase;
			buildActionMask = 2147483647;
			files = (
				23F230EEFA6252D1F9F272C5 /* Pods_architecturesTests.framework in Frameworks */,
			);
			runOnlyForDeploymentPostprocessing = 0;
		};
		99178B3520AFE8F4008E7407 /* Frameworks */ = {
			isa = PBXFrameworksBuildPhase;
			buildActionMask = 2147483647;
			files = (
				00EC0896CB37815605F51DF2 /* Pods_architecturesUITests.framework in Frameworks */,
			);
			runOnlyForDeploymentPostprocessing = 0;
		};
/* End PBXFrameworksBuildPhase section */

/* Begin PBXGroup section */
		13B40DBE1847092586243C7C /* Pods */ = {
			isa = PBXGroup;
			children = (
				E4C5A1D8A77B83F3237E5A1D /* Pods-architectures.debug.xcconfig */,
				3A2BED04DF00817809493BA8 /* Pods-architectures.release.xcconfig */,
				9C26A8A79362503D7C6040E3 /* Pods-architecturesTests.debug.xcconfig */,
				24E129B6101DE5815AC31525 /* Pods-architecturesTests.release.xcconfig */,
				AB1C98A2DB87E9322CF21174 /* Pods-architecturesUITests.debug.xcconfig */,
				E38846866D42B522AFED8166 /* Pods-architecturesUITests.release.xcconfig */,
			);
			name = Pods;
			sourceTree = "<group>";
		};
		9915FCC720B0548800DEE8A1 /* FatViewController */ = {
			isa = PBXGroup;
			children = (
				9915FCC820B054B000DEE8A1 /* FVC-View.swift */,
				9915FCCA20B054C300DEE8A1 /* FVC-ViewController.swift */,
			);
			path = FatViewController;
			sourceTree = "<group>";
		};
		9915FCCC20B0577400DEE8A1 /* FunctionalProgramming */ = {
			isa = PBXGroup;
			children = (
			);
			path = FunctionalProgramming;
			sourceTree = "<group>";
		};
		9915FCCD20B0578A00DEE8A1 /* ProceduralProgramming */ = {
			isa = PBXGroup;
			children = (
				9915FCCE20B0583C00DEE8A1 /* PP-Builder.swift */,
				9915FCD020B058A100DEE8A1 /* PP-ViewController.swift */,
			);
			path = ProceduralProgramming;
			sourceTree = "<group>";
		};
		9915FCD620B1154E00DEE8A1 /* DDD */ = {
			isa = PBXGroup;
			children = (
				9915FCD720B1156D00DEE8A1 /* DDD-InftastructureTests.swift */,
			);
			path = DDD;
			sourceTree = "<group>";
		};
		9915FCD920B1474100DEE8A1 /* RVC */ = {
			isa = PBXGroup;
			children = (
				9940CEBE20B16BF400260A36 /* RVC-Builder.swift */,
				9915FCDA20B1474D00DEE8A1 /* RVC-ViewController.swift */,
			);
			path = RVC;
			sourceTree = "<group>";
		};
		9915FCDC20B14C7100DEE8A1 /* Extensions */ = {
			isa = PBXGroup;
			children = (
				9915FCDD20B14C9000DEE8A1 /* EnumCollection.swift */,
				9940CEC320B45B1D00260A36 /* RxSwift+.swift */,
			);
			path = Extensions;
			sourceTree = "<group>";
		};
		9915FCE020B14CBD00DEE8A1 /* ErrorHandring */ = {
			isa = PBXGroup;
			children = (
				9915FCD420B0FF4800DEE8A1 /* Error.swift */,
				9915FCE220B1591900DEE8A1 /* ErrorHandring.swift */,
			);
			path = ErrorHandring;
			sourceTree = "<group>";
		};
		9915FCE120B14CCB00DEE8A1 /* Assets */ = {
			isa = PBXGroup;
			children = (
				9940CEC820B6CC7800260A36 /* BalanceView.swift */,
				99178BDF20B04C2A008E7407 /* View.swift */,
				9915FCD220B074AE00DEE8A1 /* Accounts.swift */,
			);
			path = Assets;
			sourceTree = "<group>";
		};
		99178B1020AFE8F3008E7407 = {
			isa = PBXGroup;
			children = (
				99178B1B20AFE8F3008E7407 /* architectures */,
				99178B3020AFE8F4008E7407 /* architecturesTests */,
				99178B3B20AFE8F4008E7407 /* architecturesUITests */,
				99178B1A20AFE8F3008E7407 /* Products */,
				13B40DBE1847092586243C7C /* Pods */,
				BEF3CDA49603687D9C024AD6 /* Frameworks */,
			);
			sourceTree = "<group>";
		};
		99178B1A20AFE8F3008E7407 /* Products */ = {
			isa = PBXGroup;
			children = (
				99178B1920AFE8F3008E7407 /* architectures.app */,
				99178B2D20AFE8F4008E7407 /* architecturesTests.xctest */,
				99178B3820AFE8F4008E7407 /* architecturesUITests.xctest */,
			);
			name = Products;
			sourceTree = "<group>";
		};
		99178B1B20AFE8F3008E7407 /* architectures */ = {
			isa = PBXGroup;
			children = (
				99178B4A20AFECBD008E7407 /* App */,
				99178B1C20AFE8F3008E7407 /* AppDelegate.swift */,
				99178B1E20AFE8F3008E7407 /* ViewController.swift */,
				99178B2020AFE8F3008E7407 /* Main.storyboard */,
				99178B2320AFE8F4008E7407 /* Assets.xcassets */,
				99178B2520AFE8F4008E7407 /* LaunchScreen.storyboard */,
				99178B2820AFE8F4008E7407 /* Info.plist */,
			);
			path = architectures;
			sourceTree = "<group>";
		};
		99178B3020AFE8F4008E7407 /* architecturesTests */ = {
			isa = PBXGroup;
			children = (
				9915FCD620B1154E00DEE8A1 /* DDD */,
				99178B3120AFE8F4008E7407 /* architecturesTests.swift */,
				99178B3320AFE8F4008E7407 /* Info.plist */,
			);
			path = architecturesTests;
			sourceTree = "<group>";
		};
		99178B3B20AFE8F4008E7407 /* architecturesUITests */ = {
			isa = PBXGroup;
			children = (
				99178B3C20AFE8F4008E7407 /* architecturesUITests.swift */,
				99178B3E20AFE8F4008E7407 /* Info.plist */,
			);
			path = architecturesUITests;
			sourceTree = "<group>";
		};
		99178B4A20AFECBD008E7407 /* App */ = {
			isa = PBXGroup;
			children = (
				9915FCE120B14CCB00DEE8A1 /* Assets */,
				9915FCE020B14CBD00DEE8A1 /* ErrorHandring */,
				9915FCDC20B14C7100DEE8A1 /* Extensions */,
				99178B5420AFEEC0008E7407 /* Architectures */,
				99178B4D20AFEDEE008E7407 /* Split */,
			);
			path = App;
			sourceTree = "<group>";
		};
		99178B4D20AFEDEE008E7407 /* Split */ = {
			isa = PBXGroup;
			children = (
				99178B4F20AFEE05008E7407 /* Master */,
				99178B4E20AFEDF6008E7407 /* Detail */,
				99178B4B20AFECE7008E7407 /* SplitViewControlelr.swift */,
			);
			path = Split;
			sourceTree = "<group>";
		};
		99178B4E20AFEDF6008E7407 /* Detail */ = {
			isa = PBXGroup;
			children = (
				99178B5220AFEE62008E7407 /* DetailsViewController.swift */,
			);
			path = Detail;
			sourceTree = "<group>";
		};
		99178B4F20AFEE05008E7407 /* Master */ = {
			isa = PBXGroup;
			children = (
				99178B5020AFEE13008E7407 /* MasterViewController.swift */,
				99178B5520AFF017008E7407 /* MasterViewControllerEureka.swift */,
			);
			path = Master;
			sourceTree = "<group>";
		};
		99178B5420AFEEC0008E7407 /* Architectures */ = {
			isa = PBXGroup;
			children = (
				9940CEC020B457B000260A36 /* Test */,
				9915FCD920B1474100DEE8A1 /* RVC */,
				9915FCCD20B0578A00DEE8A1 /* ProceduralProgramming */,
				9915FCCC20B0577400DEE8A1 /* FunctionalProgramming */,
				9915FCC720B0548800DEE8A1 /* FatViewController */,
				99178BD620B04B60008E7407 /* DDD */,
				99178B6D20B001FD008E7407 /* CleanArchitecture */,
				99178B5920AFF4A1008E7407 /* MVC */,
				99178B6320B001FD008E7407 /* MVP */,
				99178B6820B001FD008E7407 /* MVVM */,
			);
			path = Architectures;
			sourceTree = "<group>";
		};
		99178B5920AFF4A1008E7407 /* MVC */ = {
			isa = PBXGroup;
			children = (
				99178B5A20AFF4AE008E7407 /* MVC-Builder.swift */,
				99178B6020AFFC33008E7407 /* MVC-Model.swift */,
				99178B5C20AFFC0E008E7407 /* MVC-View.swift */,
				99178B5E20AFFC1D008E7407 /* MVC-Controller.swift */,
			);
			path = MVC;
			sourceTree = "<group>";
		};
		99178B6320B001FD008E7407 /* MVP */ = {
			isa = PBXGroup;
			children = (
				99178B6420B001FD008E7407 /* MVP-Builder.swift */,
				99178B6720B001FD008E7407 /* MVP-Model.swift */,
				99178B6620B001FD008E7407 /* MVP-View.swift */,
				99178B6520B001FD008E7407 /* MVP-Presenter.swift */,
			);
			path = MVP;
			sourceTree = "<group>";
		};
		99178B6820B001FD008E7407 /* MVVM */ = {
			isa = PBXGroup;
			children = (
				99178B6C20B001FD008E7407 /* MVVM-Builder.swift */,
				99178B6A20B001FD008E7407 /* MVVM-Model.swift */,
				99178B6920B001FD008E7407 /* MVVM-ViewModel.swift */,
				99178B6B20B001FD008E7407 /* MVVM-View.swift */,
			);
			path = MVVM;
			sourceTree = "<group>";
		};
		99178B6D20B001FD008E7407 /* CleanArchitecture */ = {
			isa = PBXGroup;
			children = (
				99178BB720B01791008E7407 /* Application */,
				99178BB020B01791008E7407 /* Data */,
				99178BBC20B01792008E7407 /* Domain */,
				99178BC320B01792008E7407 /* Presentation */,
			);
			path = CleanArchitecture;
			sourceTree = "<group>";
		};
		99178BB020B01791008E7407 /* Data */ = {
			isa = PBXGroup;
			children = (
				99178BB120B01791008E7407 /* Repository */,
				99178BB320B01791008E7407 /* Entity */,
				99178BB520B01791008E7407 /* DataStore */,
			);
			path = Data;
			sourceTree = "<group>";
		};
		99178BB120B01791008E7407 /* Repository */ = {
			isa = PBXGroup;
			children = (
				99178BB220B01791008E7407 /* CA-Repository.swift */,
			);
			path = Repository;
			sourceTree = "<group>";
		};
		99178BB320B01791008E7407 /* Entity */ = {
			isa = PBXGroup;
			children = (
				99178BB420B01791008E7407 /* CA-Entity.swift */,
			);
			path = Entity;
			sourceTree = "<group>";
		};
		99178BB520B01791008E7407 /* DataStore */ = {
			isa = PBXGroup;
			children = (
				99178BB620B01791008E7407 /* CA-DataStore.swift */,
			);
			path = DataStore;
			sourceTree = "<group>";
		};
		99178BB720B01791008E7407 /* Application */ = {
			isa = PBXGroup;
			children = (
				99178BB820B01791008E7407 /* Wireframe */,
				99178BBA20B01791008E7407 /* Builder */,
			);
			path = Application;
			sourceTree = "<group>";
		};
		99178BB820B01791008E7407 /* Wireframe */ = {
			isa = PBXGroup;
			children = (
				99178BB920B01791008E7407 /* CA-Wireframe.swift */,
			);
			path = Wireframe;
			sourceTree = "<group>";
		};
		99178BBA20B01791008E7407 /* Builder */ = {
			isa = PBXGroup;
			children = (
				99178BBB20B01791008E7407 /* CA-Builder.swift */,
			);
			path = Builder;
			sourceTree = "<group>";
		};
		99178BBC20B01792008E7407 /* Domain */ = {
			isa = PBXGroup;
			children = (
				99178BBD20B01792008E7407 /* Translator */,
				99178BBF20B01792008E7407 /* Model */,
				99178BC120B01792008E7407 /* UseCase */,
			);
			path = Domain;
			sourceTree = "<group>";
		};
		99178BBD20B01792008E7407 /* Translator */ = {
			isa = PBXGroup;
			children = (
				99178BBE20B01792008E7407 /* CA-Translator.swift */,
			);
			path = Translator;
			sourceTree = "<group>";
		};
		99178BBF20B01792008E7407 /* Model */ = {
			isa = PBXGroup;
			children = (
				99178BC020B01792008E7407 /* CA-Model.swift */,
			);
			path = Model;
			sourceTree = "<group>";
		};
		99178BC120B01792008E7407 /* UseCase */ = {
			isa = PBXGroup;
			children = (
				99178BC220B01792008E7407 /* CA-UseCase.swift */,
			);
			path = UseCase;
			sourceTree = "<group>";
		};
		99178BC320B01792008E7407 /* Presentation */ = {
			isa = PBXGroup;
			children = (
				99178BC920B01792008E7407 /* Presenter */,
				99178BC420B01792008E7407 /* UI */,
			);
			path = Presentation;
			sourceTree = "<group>";
		};
		99178BC420B01792008E7407 /* UI */ = {
			isa = PBXGroup;
			children = (
				99178BC520B01792008E7407 /* View */,
				99178BC720B01792008E7407 /* ViewController */,
			);
			path = UI;
			sourceTree = "<group>";
		};
		99178BC520B01792008E7407 /* View */ = {
			isa = PBXGroup;
			children = (
				99178BC620B01792008E7407 /* CA-View.swift */,
			);
			path = View;
			sourceTree = "<group>";
		};
		99178BC720B01792008E7407 /* ViewController */ = {
			isa = PBXGroup;
			children = (
				99178BC820B01792008E7407 /* CA-ViewController.swift */,
			);
			path = ViewController;
			sourceTree = "<group>";
		};
		99178BC920B01792008E7407 /* Presenter */ = {
			isa = PBXGroup;
			children = (
				99178BCA20B01792008E7407 /* CA-Presenter.swift */,
			);
			path = Presenter;
			sourceTree = "<group>";
		};
		99178BD620B04B60008E7407 /* DDD */ = {
			isa = PBXGroup;
			children = (
				99178BE120B04CE8008E7407 /* DDD-Builder.swift */,
				99178BD720B04B8C008E7407 /* DDD-UserInterface.swift */,
				99178BD920B04B9F008E7407 /* DDD-Application.swift */,
				99178BDB20B04BAA008E7407 /* DDD-Domain.swift */,
				99178BDD20B04BBD008E7407 /* DDD-Infrastructure.swift */,
			);
			path = DDD;
			sourceTree = "<group>";
		};
		9940CEC020B457B000260A36 /* Test */ = {
			isa = PBXGroup;
			children = (
				9940CEC120B457C800260A36 /* TestViewController.swift */,
			);
			path = Test;
			sourceTree = "<group>";
		};
		BEF3CDA49603687D9C024AD6 /* Frameworks */ = {
			isa = PBXGroup;
			children = (
				9C18743FDDD1E934AE19EBF6 /* Pods_architectures.framework */,
				094F1EA3778082BA0F00ABAD /* Pods_architecturesTests.framework */,
				4106691E116ED7F4A0307BB3 /* Pods_architecturesUITests.framework */,
			);
			name = Frameworks;
			sourceTree = "<group>";
		};
/* End PBXGroup section */

/* Begin PBXNativeTarget section */
		99178B1820AFE8F3008E7407 /* architectures */ = {
			isa = PBXNativeTarget;
			buildConfigurationList = 99178B4120AFE8F4008E7407 /* Build configuration list for PBXNativeTarget "architectures" */;
			buildPhases = (
				B9A2B2D0792E03A22ADFAD78 /* [CP] Check Pods Manifest.lock */,
				99178B1520AFE8F3008E7407 /* Sources */,
				99178B1620AFE8F3008E7407 /* Frameworks */,
				99178B1720AFE8F3008E7407 /* Resources */,
				6079A1749CC84C21C0AFE071 /* [CP] Embed Pods Frameworks */,
			);
			buildRules = (
			);
			dependencies = (
			);
			name = architectures;
			productName = architectures;
			productReference = 99178B1920AFE8F3008E7407 /* architectures.app */;
			productType = "com.apple.product-type.application";
		};
		99178B2C20AFE8F4008E7407 /* architecturesTests */ = {
			isa = PBXNativeTarget;
			buildConfigurationList = 99178B4420AFE8F4008E7407 /* Build configuration list for PBXNativeTarget "architecturesTests" */;
			buildPhases = (
				DD6D4DDDE3D5D992989F62EC /* [CP] Check Pods Manifest.lock */,
				99178B2920AFE8F4008E7407 /* Sources */,
				99178B2A20AFE8F4008E7407 /* Frameworks */,
				99178B2B20AFE8F4008E7407 /* Resources */,
				E830C50E024B8B446C24C71C /* [CP] Embed Pods Frameworks */,
			);
			buildRules = (
			);
			dependencies = (
				99178B2F20AFE8F4008E7407 /* PBXTargetDependency */,
			);
			name = architecturesTests;
			productName = architecturesTests;
			productReference = 99178B2D20AFE8F4008E7407 /* architecturesTests.xctest */;
			productType = "com.apple.product-type.bundle.unit-test";
		};
		99178B3720AFE8F4008E7407 /* architecturesUITests */ = {
			isa = PBXNativeTarget;
			buildConfigurationList = 99178B4720AFE8F4008E7407 /* Build configuration list for PBXNativeTarget "architecturesUITests" */;
			buildPhases = (
				782A1885DEFA814AD3B96A69 /* [CP] Check Pods Manifest.lock */,
				99178B3420AFE8F4008E7407 /* Sources */,
				99178B3520AFE8F4008E7407 /* Frameworks */,
				99178B3620AFE8F4008E7407 /* Resources */,
				66425B293FA6BC995AB483EF /* [CP] Embed Pods Frameworks */,
			);
			buildRules = (
			);
			dependencies = (
				99178B3A20AFE8F4008E7407 /* PBXTargetDependency */,
			);
			name = architecturesUITests;
			productName = architecturesUITests;
			productReference = 99178B3820AFE8F4008E7407 /* architecturesUITests.xctest */;
			productType = "com.apple.product-type.bundle.ui-testing";
		};
/* End PBXNativeTarget section */

/* Begin PBXProject section */
		99178B1120AFE8F3008E7407 /* Project object */ = {
			isa = PBXProject;
			attributes = {
				LastSwiftUpdateCheck = 0930;
				LastUpgradeCheck = 0930;
				ORGANIZATIONNAME = "Yuto Mizutani";
				TargetAttributes = {
					99178B1820AFE8F3008E7407 = {
						CreatedOnToolsVersion = 9.3;
					};
					99178B2C20AFE8F4008E7407 = {
						CreatedOnToolsVersion = 9.3;
						TestTargetID = 99178B1820AFE8F3008E7407;
					};
					99178B3720AFE8F4008E7407 = {
						CreatedOnToolsVersion = 9.3;
						TestTargetID = 99178B1820AFE8F3008E7407;
					};
				};
			};
			buildConfigurationList = 99178B1420AFE8F3008E7407 /* Build configuration list for PBXProject "architectures" */;
			compatibilityVersion = "Xcode 9.3";
			developmentRegion = en;
			hasScannedForEncodings = 0;
			knownRegions = (
				en,
				Base,
			);
			mainGroup = 99178B1020AFE8F3008E7407;
			productRefGroup = 99178B1A20AFE8F3008E7407 /* Products */;
			projectDirPath = "";
			projectRoot = "";
			targets = (
				99178B1820AFE8F3008E7407 /* architectures */,
				99178B2C20AFE8F4008E7407 /* architecturesTests */,
				99178B3720AFE8F4008E7407 /* architecturesUITests */,
			);
		};
/* End PBXProject section */

/* Begin PBXResourcesBuildPhase section */
		99178B1720AFE8F3008E7407 /* Resources */ = {
			isa = PBXResourcesBuildPhase;
			buildActionMask = 2147483647;
			files = (
				99178B2720AFE8F4008E7407 /* LaunchScreen.storyboard in Resources */,
				99178B2420AFE8F4008E7407 /* Assets.xcassets in Resources */,
				99178B2220AFE8F3008E7407 /* Main.storyboard in Resources */,
			);
			runOnlyForDeploymentPostprocessing = 0;
		};
		99178B2B20AFE8F4008E7407 /* Resources */ = {
			isa = PBXResourcesBuildPhase;
			buildActionMask = 2147483647;
			files = (
			);
			runOnlyForDeploymentPostprocessing = 0;
		};
		99178B3620AFE8F4008E7407 /* Resources */ = {
			isa = PBXResourcesBuildPhase;
			buildActionMask = 2147483647;
			files = (
			);
			runOnlyForDeploymentPostprocessing = 0;
		};
/* End PBXResourcesBuildPhase section */

/* Begin PBXShellScriptBuildPhase section */
		6079A1749CC84C21C0AFE071 /* [CP] Embed Pods Frameworks */ = {
			isa = PBXShellScriptBuildPhase;
			buildActionMask = 2147483647;
			files = (
			);
			inputPaths = (
				"${SRCROOT}/Pods/Target Support Files/Pods-architectures/Pods-architectures-frameworks.sh",
				"${BUILT_PRODUCTS_DIR}/Alamofire/Alamofire.framework",
				"${BUILT_PRODUCTS_DIR}/Eureka/Eureka.framework",
				"${BUILT_PRODUCTS_DIR}/RxCocoa/RxCocoa.framework",
				"${BUILT_PRODUCTS_DIR}/RxSwift/RxSwift.framework",
				"${BUILT_PRODUCTS_DIR}/SwiftyJSON/SwiftyJSON.framework",
			);
			name = "[CP] Embed Pods Frameworks";
			outputPaths = (
				"${TARGET_BUILD_DIR}/${FRAMEWORKS_FOLDER_PATH}/Alamofire.framework",
				"${TARGET_BUILD_DIR}/${FRAMEWORKS_FOLDER_PATH}/Eureka.framework",
				"${TARGET_BUILD_DIR}/${FRAMEWORKS_FOLDER_PATH}/RxCocoa.framework",
				"${TARGET_BUILD_DIR}/${FRAMEWORKS_FOLDER_PATH}/RxSwift.framework",
				"${TARGET_BUILD_DIR}/${FRAMEWORKS_FOLDER_PATH}/SwiftyJSON.framework",
			);
			runOnlyForDeploymentPostprocessing = 0;
			shellPath = /bin/sh;
			shellScript = "\"${SRCROOT}/Pods/Target Support Files/Pods-architectures/Pods-architectures-frameworks.sh\"\n";
			showEnvVarsInLog = 0;
		};
		66425B293FA6BC995AB483EF /* [CP] Embed Pods Frameworks */ = {
			isa = PBXShellScriptBuildPhase;
			buildActionMask = 2147483647;
			files = (
			);
			inputPaths = (
				"${SRCROOT}/Pods/Target Support Files/Pods-architecturesUITests/Pods-architecturesUITests-frameworks.sh",
				"${BUILT_PRODUCTS_DIR}/Eureka/Eureka.framework",
				"${BUILT_PRODUCTS_DIR}/RxCocoa/RxCocoa.framework",
				"${BUILT_PRODUCTS_DIR}/RxSwift/RxSwift.framework",
			);
			name = "[CP] Embed Pods Frameworks";
			outputPaths = (
				"${TARGET_BUILD_DIR}/${FRAMEWORKS_FOLDER_PATH}/Eureka.framework",
				"${TARGET_BUILD_DIR}/${FRAMEWORKS_FOLDER_PATH}/RxCocoa.framework",
				"${TARGET_BUILD_DIR}/${FRAMEWORKS_FOLDER_PATH}/RxSwift.framework",
			);
			runOnlyForDeploymentPostprocessing = 0;
			shellPath = /bin/sh;
			shellScript = "\"${SRCROOT}/Pods/Target Support Files/Pods-architecturesUITests/Pods-architecturesUITests-frameworks.sh\"\n";
			showEnvVarsInLog = 0;
		};
		782A1885DEFA814AD3B96A69 /* [CP] Check Pods Manifest.lock */ = {
			isa = PBXShellScriptBuildPhase;
			buildActionMask = 2147483647;
			files = (
			);
			inputPaths = (
				"${PODS_PODFILE_DIR_PATH}/Podfile.lock",
				"${PODS_ROOT}/Manifest.lock",
			);
			name = "[CP] Check Pods Manifest.lock";
			outputPaths = (
				"$(DERIVED_FILE_DIR)/Pods-architecturesUITests-checkManifestLockResult.txt",
			);
			runOnlyForDeploymentPostprocessing = 0;
			shellPath = /bin/sh;
			shellScript = "diff \"${PODS_PODFILE_DIR_PATH}/Podfile.lock\" \"${PODS_ROOT}/Manifest.lock\" > /dev/null\nif [ $? != 0 ] ; then\n    # print error to STDERR\n    echo \"error: The sandbox is not in sync with the Podfile.lock. Run 'pod install' or update your CocoaPods installation.\" >&2\n    exit 1\nfi\n# This output is used by Xcode 'outputs' to avoid re-running this script phase.\necho \"SUCCESS\" > \"${SCRIPT_OUTPUT_FILE_0}\"\n";
			showEnvVarsInLog = 0;
		};
		B9A2B2D0792E03A22ADFAD78 /* [CP] Check Pods Manifest.lock */ = {
			isa = PBXShellScriptBuildPhase;
			buildActionMask = 2147483647;
			files = (
			);
			inputPaths = (
				"${PODS_PODFILE_DIR_PATH}/Podfile.lock",
				"${PODS_ROOT}/Manifest.lock",
			);
			name = "[CP] Check Pods Manifest.lock";
			outputPaths = (
				"$(DERIVED_FILE_DIR)/Pods-architectures-checkManifestLockResult.txt",
			);
			runOnlyForDeploymentPostprocessing = 0;
			shellPath = /bin/sh;
			shellScript = "diff \"${PODS_PODFILE_DIR_PATH}/Podfile.lock\" \"${PODS_ROOT}/Manifest.lock\" > /dev/null\nif [ $? != 0 ] ; then\n    # print error to STDERR\n    echo \"error: The sandbox is not in sync with the Podfile.lock. Run 'pod install' or update your CocoaPods installation.\" >&2\n    exit 1\nfi\n# This output is used by Xcode 'outputs' to avoid re-running this script phase.\necho \"SUCCESS\" > \"${SCRIPT_OUTPUT_FILE_0}\"\n";
			showEnvVarsInLog = 0;
		};
		DD6D4DDDE3D5D992989F62EC /* [CP] Check Pods Manifest.lock */ = {
			isa = PBXShellScriptBuildPhase;
			buildActionMask = 2147483647;
			files = (
			);
			inputPaths = (
				"${PODS_PODFILE_DIR_PATH}/Podfile.lock",
				"${PODS_ROOT}/Manifest.lock",
			);
			name = "[CP] Check Pods Manifest.lock";
			outputPaths = (
				"$(DERIVED_FILE_DIR)/Pods-architecturesTests-checkManifestLockResult.txt",
			);
			runOnlyForDeploymentPostprocessing = 0;
			shellPath = /bin/sh;
			shellScript = "diff \"${PODS_PODFILE_DIR_PATH}/Podfile.lock\" \"${PODS_ROOT}/Manifest.lock\" > /dev/null\nif [ $? != 0 ] ; then\n    # print error to STDERR\n    echo \"error: The sandbox is not in sync with the Podfile.lock. Run 'pod install' or update your CocoaPods installation.\" >&2\n    exit 1\nfi\n# This output is used by Xcode 'outputs' to avoid re-running this script phase.\necho \"SUCCESS\" > \"${SCRIPT_OUTPUT_FILE_0}\"\n";
			showEnvVarsInLog = 0;
		};
		E830C50E024B8B446C24C71C /* [CP] Embed Pods Frameworks */ = {
			isa = PBXShellScriptBuildPhase;
			buildActionMask = 2147483647;
			files = (
			);
			inputPaths = (
				"${SRCROOT}/Pods/Target Support Files/Pods-architecturesTests/Pods-architecturesTests-frameworks.sh",
				"${BUILT_PRODUCTS_DIR}/Alamofire/Alamofire.framework",
				"${BUILT_PRODUCTS_DIR}/RxCocoa/RxCocoa.framework",
				"${BUILT_PRODUCTS_DIR}/RxSwift/RxSwift.framework",
				"${BUILT_PRODUCTS_DIR}/SwiftyJSON/SwiftyJSON.framework",
			);
			name = "[CP] Embed Pods Frameworks";
			outputPaths = (
				"${TARGET_BUILD_DIR}/${FRAMEWORKS_FOLDER_PATH}/Alamofire.framework",
				"${TARGET_BUILD_DIR}/${FRAMEWORKS_FOLDER_PATH}/RxCocoa.framework",
				"${TARGET_BUILD_DIR}/${FRAMEWORKS_FOLDER_PATH}/RxSwift.framework",
				"${TARGET_BUILD_DIR}/${FRAMEWORKS_FOLDER_PATH}/SwiftyJSON.framework",
			);
			runOnlyForDeploymentPostprocessing = 0;
			shellPath = /bin/sh;
			shellScript = "\"${SRCROOT}/Pods/Target Support Files/Pods-architecturesTests/Pods-architecturesTests-frameworks.sh\"\n";
			showEnvVarsInLog = 0;
		};
/* End PBXShellScriptBuildPhase section */

/* Begin PBXSourcesBuildPhase section */
		99178B1520AFE8F3008E7407 /* Sources */ = {
			isa = PBXSourcesBuildPhase;
			buildActionMask = 2147483647;
			files = (
				99178BD320B01792008E7407 /* CA-View.swift in Sources */,
				9940CEC420B45B1D00260A36 /* RxSwift+.swift in Sources */,
				9915FCCF20B0583C00DEE8A1 /* PP-Builder.swift in Sources */,
				9940CEC220B457C800260A36 /* TestViewController.swift in Sources */,
				99178B5120AFEE13008E7407 /* MasterViewController.swift in Sources */,
				99178BE220B04CE8008E7407 /* DDD-Builder.swift in Sources */,
				99178BD020B01792008E7407 /* CA-Translator.swift in Sources */,
				9915FCD320B074AE00DEE8A1 /* Accounts.swift in Sources */,
				9915FCDE20B14C9000DEE8A1 /* EnumCollection.swift in Sources */,
				99178BCD20B01792008E7407 /* CA-DataStore.swift in Sources */,
				99178BE020B04C2A008E7407 /* View.swift in Sources */,
				99178B1F20AFE8F3008E7407 /* ViewController.swift in Sources */,
				9940CEBF20B16BF400260A36 /* RVC-Builder.swift in Sources */,
				99178B5F20AFFC1D008E7407 /* MVC-Controller.swift in Sources */,
				99178BD220B01792008E7407 /* CA-UseCase.swift in Sources */,
				99178B1D20AFE8F3008E7407 /* AppDelegate.swift in Sources */,
				99178BD120B01792008E7407 /* CA-Model.swift in Sources */,
				99178B7D20B001FD008E7407 /* MVVM-View.swift in Sources */,
				99178B4C20AFECE7008E7407 /* SplitViewControlelr.swift in Sources */,
				99178B5620AFF017008E7407 /* MasterViewControllerEureka.swift in Sources */,
				9915FCD120B058A100DEE8A1 /* PP-ViewController.swift in Sources */,
				99178BDE20B04BBD008E7407 /* DDD-Infrastructure.swift in Sources */,
				99178BD520B01792008E7407 /* CA-Presenter.swift in Sources */,
				99178BDA20B04B9F008E7407 /* DDD-Application.swift in Sources */,
				99178B7E20B001FD008E7407 /* MVVM-Builder.swift in Sources */,
				99178BCC20B01792008E7407 /* CA-Entity.swift in Sources */,
				99178B5B20AFF4AE008E7407 /* MVC-Builder.swift in Sources */,
				99178B5320AFEE62008E7407 /* DetailsViewController.swift in Sources */,
				9915FCD520B0FF4800DEE8A1 /* Error.swift in Sources */,
				99178BCB20B01792008E7407 /* CA-Repository.swift in Sources */,
				99178B6120AFFC33008E7407 /* MVC-Model.swift in Sources */,
				99178B5D20AFFC0E008E7407 /* MVC-View.swift in Sources */,
				99178B7920B001FD008E7407 /* MVP-View.swift in Sources */,
				9915FCE320B1591900DEE8A1 /* ErrorHandring.swift in Sources */,
				99178B7A20B001FD008E7407 /* MVP-Model.swift in Sources */,
				99178B7820B001FD008E7407 /* MVP-Presenter.swift in Sources */,
				99178B7720B001FD008E7407 /* MVP-Builder.swift in Sources */,
				99178B7B20B001FD008E7407 /* MVVM-ViewModel.swift in Sources */,
				99178BCF20B01792008E7407 /* CA-Builder.swift in Sources */,
				99178BCE20B01792008E7407 /* CA-Wireframe.swift in Sources */,
				99178BDC20B04BAA008E7407 /* DDD-Domain.swift in Sources */,
				9915FCDB20B1474D00DEE8A1 /* RVC-ViewController.swift in Sources */,
				9915FCC920B054B000DEE8A1 /* FVC-View.swift in Sources */,
				9915FCCB20B054C300DEE8A1 /* FVC-ViewController.swift in Sources */,
				99178BD820B04B8C008E7407 /* DDD-UserInterface.swift in Sources */,
				9940CEC920B6CC7800260A36 /* BalanceView.swift in Sources */,
				99178BD420B01792008E7407 /* CA-ViewController.swift in Sources */,
				99178B7C20B001FD008E7407 /* MVVM-Model.swift in Sources */,
			);
			runOnlyForDeploymentPostprocessing = 0;
		};
		99178B2920AFE8F4008E7407 /* Sources */ = {
			isa = PBXSourcesBuildPhase;
			buildActionMask = 2147483647;
			files = (
				99178B3220AFE8F4008E7407 /* architecturesTests.swift in Sources */,
				9915FCD820B1156D00DEE8A1 /* DDD-InftastructureTests.swift in Sources */,
			);
			runOnlyForDeploymentPostprocessing = 0;
		};
		99178B3420AFE8F4008E7407 /* Sources */ = {
			isa = PBXSourcesBuildPhase;
			buildActionMask = 2147483647;
			files = (
				99178B3D20AFE8F4008E7407 /* architecturesUITests.swift in Sources */,
			);
			runOnlyForDeploymentPostprocessing = 0;
		};
/* End PBXSourcesBuildPhase section */

/* Begin PBXTargetDependency section */
		99178B2F20AFE8F4008E7407 /* PBXTargetDependency */ = {
			isa = PBXTargetDependency;
			target = 99178B1820AFE8F3008E7407 /* architectures */;
			targetProxy = 99178B2E20AFE8F4008E7407 /* PBXContainerItemProxy */;
		};
		99178B3A20AFE8F4008E7407 /* PBXTargetDependency */ = {
			isa = PBXTargetDependency;
			target = 99178B1820AFE8F3008E7407 /* architectures */;
			targetProxy = 99178B3920AFE8F4008E7407 /* PBXContainerItemProxy */;
		};
/* End PBXTargetDependency section */

/* Begin PBXVariantGroup section */
		99178B2020AFE8F3008E7407 /* Main.storyboard */ = {
			isa = PBXVariantGroup;
			children = (
				99178B2120AFE8F3008E7407 /* Base */,
			);
			name = Main.storyboard;
			sourceTree = "<group>";
		};
		99178B2520AFE8F4008E7407 /* LaunchScreen.storyboard */ = {
			isa = PBXVariantGroup;
			children = (
				99178B2620AFE8F4008E7407 /* Base */,
			);
			name = LaunchScreen.storyboard;
			sourceTree = "<group>";
		};
/* End PBXVariantGroup section */

/* Begin XCBuildConfiguration section */
		99178B3F20AFE8F4008E7407 /* Debug */ = {
			isa = XCBuildConfiguration;
			buildSettings = {
				ALWAYS_SEARCH_USER_PATHS = NO;
				CLANG_ANALYZER_NONNULL = YES;
				CLANG_ANALYZER_NUMBER_OBJECT_CONVERSION = YES_AGGRESSIVE;
				CLANG_CXX_LANGUAGE_STANDARD = "gnu++14";
				CLANG_CXX_LIBRARY = "libc++";
				CLANG_ENABLE_MODULES = YES;
				CLANG_ENABLE_OBJC_ARC = YES;
				CLANG_ENABLE_OBJC_WEAK = YES;
				CLANG_WARN_BLOCK_CAPTURE_AUTORELEASING = YES;
				CLANG_WARN_BOOL_CONVERSION = YES;
				CLANG_WARN_COMMA = YES;
				CLANG_WARN_CONSTANT_CONVERSION = YES;
				CLANG_WARN_DEPRECATED_OBJC_IMPLEMENTATIONS = YES;
				CLANG_WARN_DIRECT_OBJC_ISA_USAGE = YES_ERROR;
				CLANG_WARN_DOCUMENTATION_COMMENTS = YES;
				CLANG_WARN_EMPTY_BODY = YES;
				CLANG_WARN_ENUM_CONVERSION = YES;
				CLANG_WARN_INFINITE_RECURSION = YES;
				CLANG_WARN_INT_CONVERSION = YES;
				CLANG_WARN_NON_LITERAL_NULL_CONVERSION = YES;
				CLANG_WARN_OBJC_IMPLICIT_RETAIN_SELF = YES;
				CLANG_WARN_OBJC_LITERAL_CONVERSION = YES;
				CLANG_WARN_OBJC_ROOT_CLASS = YES_ERROR;
				CLANG_WARN_RANGE_LOOP_ANALYSIS = YES;
				CLANG_WARN_STRICT_PROTOTYPES = YES;
				CLANG_WARN_SUSPICIOUS_MOVE = YES;
				CLANG_WARN_UNGUARDED_AVAILABILITY = YES_AGGRESSIVE;
				CLANG_WARN_UNREACHABLE_CODE = YES;
				CLANG_WARN__DUPLICATE_METHOD_MATCH = YES;
				CODE_SIGN_IDENTITY = "iPhone Developer";
				COPY_PHASE_STRIP = NO;
				DEBUG_INFORMATION_FORMAT = dwarf;
				ENABLE_STRICT_OBJC_MSGSEND = YES;
				ENABLE_TESTABILITY = YES;
				GCC_C_LANGUAGE_STANDARD = gnu11;
				GCC_DYNAMIC_NO_PIC = NO;
				GCC_NO_COMMON_BLOCKS = YES;
				GCC_OPTIMIZATION_LEVEL = 0;
				GCC_PREPROCESSOR_DEFINITIONS = (
					"DEBUG=1",
					"$(inherited)",
				);
				GCC_WARN_64_TO_32_BIT_CONVERSION = YES;
				GCC_WARN_ABOUT_RETURN_TYPE = YES_ERROR;
				GCC_WARN_UNDECLARED_SELECTOR = YES;
				GCC_WARN_UNINITIALIZED_AUTOS = YES_AGGRESSIVE;
				GCC_WARN_UNUSED_FUNCTION = YES;
				GCC_WARN_UNUSED_VARIABLE = YES;
				IPHONEOS_DEPLOYMENT_TARGET = 11.3;
				MTL_ENABLE_DEBUG_INFO = YES;
				ONLY_ACTIVE_ARCH = YES;
				SDKROOT = iphoneos;
				SWIFT_ACTIVE_COMPILATION_CONDITIONS = DEBUG;
				SWIFT_OPTIMIZATION_LEVEL = "-Onone";
			};
			name = Debug;
		};
		99178B4020AFE8F4008E7407 /* Release */ = {
			isa = XCBuildConfiguration;
			buildSettings = {
				ALWAYS_SEARCH_USER_PATHS = NO;
				CLANG_ANALYZER_NONNULL = YES;
				CLANG_ANALYZER_NUMBER_OBJECT_CONVERSION = YES_AGGRESSIVE;
				CLANG_CXX_LANGUAGE_STANDARD = "gnu++14";
				CLANG_CXX_LIBRARY = "libc++";
				CLANG_ENABLE_MODULES = YES;
				CLANG_ENABLE_OBJC_ARC = YES;
				CLANG_ENABLE_OBJC_WEAK = YES;
				CLANG_WARN_BLOCK_CAPTURE_AUTORELEASING = YES;
				CLANG_WARN_BOOL_CONVERSION = YES;
				CLANG_WARN_COMMA = YES;
				CLANG_WARN_CONSTANT_CONVERSION = YES;
				CLANG_WARN_DEPRECATED_OBJC_IMPLEMENTATIONS = YES;
				CLANG_WARN_DIRECT_OBJC_ISA_USAGE = YES_ERROR;
				CLANG_WARN_DOCUMENTATION_COMMENTS = YES;
				CLANG_WARN_EMPTY_BODY = YES;
				CLANG_WARN_ENUM_CONVERSION = YES;
				CLANG_WARN_INFINITE_RECURSION = YES;
				CLANG_WARN_INT_CONVERSION = YES;
				CLANG_WARN_NON_LITERAL_NULL_CONVERSION = YES;
				CLANG_WARN_OBJC_IMPLICIT_RETAIN_SELF = YES;
				CLANG_WARN_OBJC_LITERAL_CONVERSION = YES;
				CLANG_WARN_OBJC_ROOT_CLASS = YES_ERROR;
				CLANG_WARN_RANGE_LOOP_ANALYSIS = YES;
				CLANG_WARN_STRICT_PROTOTYPES = YES;
				CLANG_WARN_SUSPICIOUS_MOVE = YES;
				CLANG_WARN_UNGUARDED_AVAILABILITY = YES_AGGRESSIVE;
				CLANG_WARN_UNREACHABLE_CODE = YES;
				CLANG_WARN__DUPLICATE_METHOD_MATCH = YES;
				CODE_SIGN_IDENTITY = "iPhone Developer";
				COPY_PHASE_STRIP = NO;
				DEBUG_INFORMATION_FORMAT = "dwarf-with-dsym";
				ENABLE_NS_ASSERTIONS = NO;
				ENABLE_STRICT_OBJC_MSGSEND = YES;
				GCC_C_LANGUAGE_STANDARD = gnu11;
				GCC_NO_COMMON_BLOCKS = YES;
				GCC_WARN_64_TO_32_BIT_CONVERSION = YES;
				GCC_WARN_ABOUT_RETURN_TYPE = YES_ERROR;
				GCC_WARN_UNDECLARED_SELECTOR = YES;
				GCC_WARN_UNINITIALIZED_AUTOS = YES_AGGRESSIVE;
				GCC_WARN_UNUSED_FUNCTION = YES;
				GCC_WARN_UNUSED_VARIABLE = YES;
				IPHONEOS_DEPLOYMENT_TARGET = 11.3;
				MTL_ENABLE_DEBUG_INFO = NO;
				SDKROOT = iphoneos;
				SWIFT_COMPILATION_MODE = wholemodule;
				SWIFT_OPTIMIZATION_LEVEL = "-O";
				VALIDATE_PRODUCT = YES;
			};
			name = Release;
		};
		99178B4220AFE8F4008E7407 /* Debug */ = {
			isa = XCBuildConfiguration;
			baseConfigurationReference = E4C5A1D8A77B83F3237E5A1D /* Pods-architectures.debug.xcconfig */;
			buildSettings = {
				ASSETCATALOG_COMPILER_APPICON_NAME = AppIcon;
				CODE_SIGN_STYLE = Automatic;
				DEVELOPMENT_TEAM = Y3FSN97W3M;
				GCC_OPTIMIZATION_LEVEL = fast;
				INFOPLIST_FILE = architectures/Info.plist;
				LD_RUNPATH_SEARCH_PATHS = (
					"$(inherited)",
					"@executable_path/Frameworks",
				);
				PRODUCT_BUNDLE_IDENTIFIER = com.ym.architectures;
				PRODUCT_NAME = "$(TARGET_NAME)";
				SWIFT_OPTIMIZATION_LEVEL = "-O";
				SWIFT_VERSION = 4.0;
				TARGETED_DEVICE_FAMILY = "1,2";
			};
			name = Debug;
		};
		99178B4320AFE8F4008E7407 /* Release */ = {
			isa = XCBuildConfiguration;
			baseConfigurationReference = 3A2BED04DF00817809493BA8 /* Pods-architectures.release.xcconfig */;
			buildSettings = {
				ASSETCATALOG_COMPILER_APPICON_NAME = AppIcon;
				CODE_SIGN_STYLE = Automatic;
				DEVELOPMENT_TEAM = Y3FSN97W3M;
				INFOPLIST_FILE = architectures/Info.plist;
				LD_RUNPATH_SEARCH_PATHS = (
					"$(inherited)",
					"@executable_path/Frameworks",
				);
				PRODUCT_BUNDLE_IDENTIFIER = com.ym.architectures;
				PRODUCT_NAME = "$(TARGET_NAME)";
				SWIFT_VERSION = 4.0;
				TARGETED_DEVICE_FAMILY = "1,2";
			};
			name = Release;
		};
		99178B4520AFE8F4008E7407 /* Debug */ = {
			isa = XCBuildConfiguration;
			baseConfigurationReference = 9C26A8A79362503D7C6040E3 /* Pods-architecturesTests.debug.xcconfig */;
			buildSettings = {
				ALWAYS_EMBED_SWIFT_STANDARD_LIBRARIES = YES;
				BUNDLE_LOADER = "$(TEST_HOST)";
				CODE_SIGN_STYLE = Automatic;
				DEVELOPMENT_TEAM = Y3FSN97W3M;
				INFOPLIST_FILE = architecturesTests/Info.plist;
				LD_RUNPATH_SEARCH_PATHS = (
					"$(inherited)",
					"@executable_path/Frameworks",
					"@loader_path/Frameworks",
				);
				PRODUCT_BUNDLE_IDENTIFIER = com.ym.architecturesTests;
				PRODUCT_NAME = "$(TARGET_NAME)";
				SWIFT_VERSION = 4.0;
				TARGETED_DEVICE_FAMILY = "1,2";
				TEST_HOST = "$(BUILT_PRODUCTS_DIR)/architectures.app/architectures";
			};
			name = Debug;
		};
		99178B4620AFE8F4008E7407 /* Release */ = {
			isa = XCBuildConfiguration;
			baseConfigurationReference = 24E129B6101DE5815AC31525 /* Pods-architecturesTests.release.xcconfig */;
			buildSettings = {
				ALWAYS_EMBED_SWIFT_STANDARD_LIBRARIES = YES;
				BUNDLE_LOADER = "$(TEST_HOST)";
				CODE_SIGN_STYLE = Automatic;
				DEVELOPMENT_TEAM = Y3FSN97W3M;
				INFOPLIST_FILE = architecturesTests/Info.plist;
				LD_RUNPATH_SEARCH_PATHS = (
					"$(inherited)",
					"@executable_path/Frameworks",
					"@loader_path/Frameworks",
				);
				PRODUCT_BUNDLE_IDENTIFIER = com.ym.architecturesTests;
				PRODUCT_NAME = "$(TARGET_NAME)";
				SWIFT_VERSION = 4.0;
				TARGETED_DEVICE_FAMILY = "1,2";
				TEST_HOST = "$(BUILT_PRODUCTS_DIR)/architectures.app/architectures";
			};
			name = Release;
		};
		99178B4820AFE8F4008E7407 /* Debug */ = {
			isa = XCBuildConfiguration;
			baseConfigurationReference = AB1C98A2DB87E9322CF21174 /* Pods-architecturesUITests.debug.xcconfig */;
			buildSettings = {
				ALWAYS_EMBED_SWIFT_STANDARD_LIBRARIES = YES;
				CODE_SIGN_STYLE = Automatic;
				DEVELOPMENT_TEAM = Y3FSN97W3M;
				INFOPLIST_FILE = architecturesUITests/Info.plist;
				LD_RUNPATH_SEARCH_PATHS = (
					"$(inherited)",
					"@executable_path/Frameworks",
					"@loader_path/Frameworks",
				);
				PRODUCT_BUNDLE_IDENTIFIER = com.ym.architecturesUITests;
				PRODUCT_NAME = "$(TARGET_NAME)";
				SWIFT_VERSION = 4.0;
				TARGETED_DEVICE_FAMILY = "1,2";
				TEST_TARGET_NAME = architectures;
			};
			name = Debug;
		};
		99178B4920AFE8F4008E7407 /* Release */ = {
			isa = XCBuildConfiguration;
			baseConfigurationReference = E38846866D42B522AFED8166 /* Pods-architecturesUITests.release.xcconfig */;
			buildSettings = {
				ALWAYS_EMBED_SWIFT_STANDARD_LIBRARIES = YES;
				CODE_SIGN_STYLE = Automatic;
				DEVELOPMENT_TEAM = Y3FSN97W3M;
				INFOPLIST_FILE = architecturesUITests/Info.plist;
				LD_RUNPATH_SEARCH_PATHS = (
					"$(inherited)",
					"@executable_path/Frameworks",
					"@loader_path/Frameworks",
				);
				PRODUCT_BUNDLE_IDENTIFIER = com.ym.architecturesUITests;
				PRODUCT_NAME = "$(TARGET_NAME)";
				SWIFT_VERSION = 4.0;
				TARGETED_DEVICE_FAMILY = "1,2";
				TEST_TARGET_NAME = architectures;
			};
			name = Release;
		};
/* End XCBuildConfiguration section */

/* Begin XCConfigurationList section */
		99178B1420AFE8F3008E7407 /* Build configuration list for PBXProject "architectures" */ = {
			isa = XCConfigurationList;
			buildConfigurations = (
				99178B3F20AFE8F4008E7407 /* Debug */,
				99178B4020AFE8F4008E7407 /* Release */,
			);
			defaultConfigurationIsVisible = 0;
			defaultConfigurationName = Release;
		};
		99178B4120AFE8F4008E7407 /* Build configuration list for PBXNativeTarget "architectures" */ = {
			isa = XCConfigurationList;
			buildConfigurations = (
				99178B4220AFE8F4008E7407 /* Debug */,
				99178B4320AFE8F4008E7407 /* Release */,
			);
			defaultConfigurationIsVisible = 0;
			defaultConfigurationName = Release;
		};
		99178B4420AFE8F4008E7407 /* Build configuration list for PBXNativeTarget "architecturesTests" */ = {
			isa = XCConfigurationList;
			buildConfigurations = (
				99178B4520AFE8F4008E7407 /* Debug */,
				99178B4620AFE8F4008E7407 /* Release */,
			);
			defaultConfigurationIsVisible = 0;
			defaultConfigurationName = Release;
		};
		99178B4720AFE8F4008E7407 /* Build configuration list for PBXNativeTarget "architecturesUITests" */ = {
			isa = XCConfigurationList;
			buildConfigurations = (
				99178B4820AFE8F4008E7407 /* Debug */,
				99178B4920AFE8F4008E7407 /* Release */,
			);
			defaultConfigurationIsVisible = 0;
			defaultConfigurationName = Release;
		};
/* End XCConfigurationList section */
	};
	rootObject = 99178B1120AFE8F3008E7407 /* Project object */;
}
