// !$*UTF8*$!
{
	archiveVersion = 1;
	classes = {
	};
	objectVersion = 50;
	objects = {

/* Begin PBXBuildFile section */
		00EC0896CB37815605F51DF2 /* Pods_architecturesUITests.framework in Frameworks */ = {isa = PBXBuildFile; fileRef = 4106691E116ED7F4A0307BB3 /* Pods_architecturesUITests.framework */; };
		23F230EEFA6252D1F9F272C5 /* Pods_architecturesTests.framework in Frameworks */ = {isa = PBXBuildFile; fileRef = 094F1EA3778082BA0F00ABAD /* Pods_architecturesTests.framework */; };
		99178B1D20AFE8F3008E7407 /* AppDelegate.swift in Sources */ = {isa = PBXBuildFile; fileRef = 99178B1C20AFE8F3008E7407 /* AppDelegate.swift */; };
		99178B1F20AFE8F3008E7407 /* ViewController.swift in Sources */ = {isa = PBXBuildFile; fileRef = 99178B1E20AFE8F3008E7407 /* ViewController.swift */; };
		99178B2220AFE8F3008E7407 /* Main.storyboard in Resources */ = {isa = PBXBuildFile; fileRef = 99178B2020AFE8F3008E7407 /* Main.storyboard */; };
		99178B2420AFE8F4008E7407 /* Assets.xcassets in Resources */ = {isa = PBXBuildFile; fileRef = 99178B2320AFE8F4008E7407 /* Assets.xcassets */; };
		99178B2720AFE8F4008E7407 /* LaunchScreen.storyboard in Resources */ = {isa = PBXBuildFile; fileRef = 99178B2520AFE8F4008E7407 /* LaunchScreen.storyboard */; };
		99178B3220AFE8F4008E7407 /* architecturesTests.swift in Sources */ = {isa = PBXBuildFile; fileRef = 99178B3120AFE8F4008E7407 /* architecturesTests.swift */; };
		99178B3D20AFE8F4008E7407 /* architecturesUITests.swift in Sources */ = {isa = PBXBuildFile; fileRef = 99178B3C20AFE8F4008E7407 /* architecturesUITests.swift */; };
		EA9D3F9839DF9177A8F4B530 /* Pods_architectures.framework in Frameworks */ = {isa = PBXBuildFile; fileRef = 9C18743FDDD1E934AE19EBF6 /* Pods_architectures.framework */; };
/* End PBXBuildFile section */

/* Begin PBXContainerItemProxy section */
		99178B2E20AFE8F4008E7407 /* PBXContainerItemProxy */ = {
			isa = PBXContainerItemProxy;
			containerPortal = 99178B1120AFE8F3008E7407 /* Project object */;
			proxyType = 1;
			remoteGlobalIDString = 99178B1820AFE8F3008E7407;
			remoteInfo = architectures;
		};
		99178B3920AFE8F4008E7407 /* PBXContainerItemProxy */ = {
			isa = PBXContainerItemProxy;
			containerPortal = 99178B1120AFE8F3008E7407 /* Project object */;
			proxyType = 1;
			remoteGlobalIDString = 99178B1820AFE8F3008E7407;
			remoteInfo = architectures;
		};
/* End PBXContainerItemProxy section */

/* Begin PBXFileReference section */
		094F1EA3778082BA0F00ABAD /* Pods_architecturesTests.framework */ = {isa = PBXFileReference; explicitFileType = wrapper.framework; includeInIndex = 0; path = Pods_architecturesTests.framework; sourceTree = BUILT_PRODUCTS_DIR; };
		24E129B6101DE5815AC31525 /* Pods-architecturesTests.release.xcconfig */ = {isa = PBXFileReference; includeInIndex = 1; lastKnownFileType = text.xcconfig; name = "Pods-architecturesTests.release.xcconfig"; path = "Pods/Target Support Files/Pods-architecturesTests/Pods-architecturesTests.release.xcconfig"; sourceTree = "<group>"; };
		3A2BED04DF00817809493BA8 /* Pods-architectures.release.xcconfig */ = {isa = PBXFileReference; includeInIndex = 1; lastKnownFileType = text.xcconfig; name = "Pods-architectures.release.xcconfig"; path = "Pods/Target Support Files/Pods-architectures/Pods-architectures.release.xcconfig"; sourceTree = "<group>"; };
		4106691E116ED7F4A0307BB3 /* Pods_architecturesUITests.framework */ = {isa = PBXFileReference; explicitFileType = wrapper.framework; includeInIndex = 0; path = Pods_architecturesUITests.framework; sourceTree = BUILT_PRODUCTS_DIR; };
		99178B1920AFE8F3008E7407 /* architectures.app */ = {isa = PBXFileReference; explicitFileType = wrapper.application; includeInIndex = 0; path = architectures.app; sourceTree = BUILT_PRODUCTS_DIR; };
		99178B1C20AFE8F3008E7407 /* AppDelegate.swift */ = {isa = PBXFileReference; lastKnownFileType = sourcecode.swift; path = AppDelegate.swift; sourceTree = "<group>"; };
		99178B1E20AFE8F3008E7407 /* ViewController.swift */ = {isa = PBXFileReference; lastKnownFileType = sourcecode.swift; path = ViewController.swift; sourceTree = "<group>"; };
		99178B2120AFE8F3008E7407 /* Base */ = {isa = PBXFileReference; lastKnownFileType = file.storyboard; name = Base; path = Base.lproj/Main.storyboard; sourceTree = "<group>"; };
		99178B2320AFE8F4008E7407 /* Assets.xcassets */ = {isa = PBXFileReference; lastKnownFileType = folder.assetcatalog; path = Assets.xcassets; sourceTree = "<group>"; };
		99178B2620AFE8F4008E7407 /* Base */ = {isa = PBXFileReference; lastKnownFileType = file.storyboard; name = Base; path = Base.lproj/LaunchScreen.storyboard; sourceTree = "<group>"; };
		99178B2820AFE8F4008E7407 /* Info.plist */ = {isa = PBXFileReference; lastKnownFileType = text.plist.xml; path = Info.plist; sourceTree = "<group>"; };
		99178B2D20AFE8F4008E7407 /* architecturesTests.xctest */ = {isa = PBXFileReference; explicitFileType = wrapper.cfbundle; includeInIndex = 0; path = architecturesTests.xctest; sourceTree = BUILT_PRODUCTS_DIR; };
		99178B3120AFE8F4008E7407 /* architecturesTests.swift */ = {isa = PBXFileReference; lastKnownFileType = sourcecode.swift; path = architecturesTests.swift; sourceTree = "<group>"; };
		99178B3320AFE8F4008E7407 /* Info.plist */ = {isa = PBXFileReference; lastKnownFileType = text.plist.xml; path = Info.plist; sourceTree = "<group>"; };
		99178B3820AFE8F4008E7407 /* architecturesUITests.xctest */ = {isa = PBXFileReference; explicitFileType = wrapper.cfbundle; includeInIndex = 0; path = architecturesUITests.xctest; sourceTree = BUILT_PRODUCTS_DIR; };
		99178B3C20AFE8F4008E7407 /* architecturesUITests.swift */ = {isa = PBXFileReference; lastKnownFileType = sourcecode.swift; path = architecturesUITests.swift; sourceTree = "<group>"; };
		99178B3E20AFE8F4008E7407 /* Info.plist */ = {isa = PBXFileReference; lastKnownFileType = text.plist.xml; path = Info.plist; sourceTree = "<group>"; };
		9C18743FDDD1E934AE19EBF6 /* Pods_architectures.framework */ = {isa = PBXFileReference; explicitFileType = wrapper.framework; includeInIndex = 0; path = Pods_architectures.framework; sourceTree = BUILT_PRODUCTS_DIR; };
		9C26A8A79362503D7C6040E3 /* Pods-architecturesTests.debug.xcconfig */ = {isa = PBXFileReference; includeInIndex = 1; lastKnownFileType = text.xcconfig; name = "Pods-architecturesTests.debug.xcconfig"; path = "Pods/Target Support Files/Pods-architecturesTests/Pods-architecturesTests.debug.xcconfig"; sourceTree = "<group>"; };
		AB1C98A2DB87E9322CF21174 /* Pods-architecturesUITests.debug.xcconfig */ = {isa = PBXFileReference; includeInIndex = 1; lastKnownFileType = text.xcconfig; name = "Pods-architecturesUITests.debug.xcconfig"; path = "Pods/Target Support Files/Pods-architecturesUITests/Pods-architecturesUITests.debug.xcconfig"; sourceTree = "<group>"; };
		E38846866D42B522AFED8166 /* Pods-architecturesUITests.release.xcconfig */ = {isa = PBXFileReference; includeInIndex = 1; lastKnownFileType = text.xcconfig; name = "Pods-architecturesUITests.release.xcconfig"; path = "Pods/Target Support Files/Pods-architecturesUITests/Pods-architecturesUITests.release.xcconfig"; sourceTree = "<group>"; };
		E4C5A1D8A77B83F3237E5A1D /* Pods-architectures.debug.xcconfig */ = {isa = PBXFileReference; includeInIndex = 1; lastKnownFileType = text.xcconfig; name = "Pods-architectures.debug.xcconfig"; path = "Pods/Target Support Files/Pods-architectures/Pods-architectures.debug.xcconfig"; sourceTree = "<group>"; };
/* End PBXFileReference section */

/* Begin PBXFrameworksBuildPhase section */
		99178B1620AFE8F3008E7407 /* Frameworks */ = {
			isa = PBXFrameworksBuildPhase;
			buildActionMask = 2147483647;
			files = (
				EA9D3F9839DF9177A8F4B530 /* Pods_architectures.framework in Frameworks */,
			);
			runOnlyForDeploymentPostprocessing = 0;
		};
		99178B2A20AFE8F4008E7407 /* Frameworks */ = {
			isa = PBXFrameworksBuildPhase;
			buildActionMask = 2147483647;
			files = (
				23F230EEFA6252D1F9F272C5 /* Pods_architecturesTests.framework in Frameworks */,
			);
			runOnlyForDeploymentPostprocessing = 0;
		};
		99178B3520AFE8F4008E7407 /* Frameworks */ = {
			isa = PBXFrameworksBuildPhase;
			buildActionMask = 2147483647;
			files = (
				00EC0896CB37815605F51DF2 /* Pods_architecturesUITests.framework in Frameworks */,
			);
			runOnlyForDeploymentPostprocessing = 0;
		};
/* End PBXFrameworksBuildPhase section */

/* Begin PBXGroup section */
		13B40DBE1847092586243C7C /* Pods */ = {
			isa = PBXGroup;
			children = (
				E4C5A1D8A77B83F3237E5A1D /* Pods-architectures.debug.xcconfig */,
				3A2BED04DF00817809493BA8 /* Pods-architectures.release.xcconfig */,
				9C26A8A79362503D7C6040E3 /* Pods-architecturesTests.debug.xcconfig */,
				24E129B6101DE5815AC31525 /* Pods-architecturesTests.release.xcconfig */,
				AB1C98A2DB87E9322CF21174 /* Pods-architecturesUITests.debug.xcconfig */,
				E38846866D42B522AFED8166 /* Pods-architecturesUITests.release.xcconfig */,
			);
			name = Pods;
			sourceTree = "<group>";
		};
		99178B1020AFE8F3008E7407 = {
			isa = PBXGroup;
			children = (
				99178B1B20AFE8F3008E7407 /* architectures */,
				99178B3020AFE8F4008E7407 /* architecturesTests */,
				99178B3B20AFE8F4008E7407 /* architecturesUITests */,
				99178B1A20AFE8F3008E7407 /* Products */,
				13B40DBE1847092586243C7C /* Pods */,
				BEF3CDA49603687D9C024AD6 /* Frameworks */,
			);
			sourceTree = "<group>";
		};
		99178B1A20AFE8F3008E7407 /* Products */ = {
			isa = PBXGroup;
			children = (
				99178B1920AFE8F3008E7407 /* architectures.app */,
				99178B2D20AFE8F4008E7407 /* architecturesTests.xctest */,
				99178B3820AFE8F4008E7407 /* architecturesUITests.xctest */,
			);
			name = Products;
			sourceTree = "<group>";
		};
		99178B1B20AFE8F3008E7407 /* architectures */ = {
			isa = PBXGroup;
			children = (
				99178B1C20AFE8F3008E7407 /* AppDelegate.swift */,
				99178B1E20AFE8F3008E7407 /* ViewController.swift */,
				99178B2020AFE8F3008E7407 /* Main.storyboard */,
				99178B2320AFE8F4008E7407 /* Assets.xcassets */,
				99178B2520AFE8F4008E7407 /* LaunchScreen.storyboard */,
				99178B2820AFE8F4008E7407 /* Info.plist */,
			);
			path = architectures;
			sourceTree = "<group>";
		};
		99178B3020AFE8F4008E7407 /* architecturesTests */ = {
			isa = PBXGroup;
			children = (
				99178B3120AFE8F4008E7407 /* architecturesTests.swift */,
				99178B3320AFE8F4008E7407 /* Info.plist */,
			);
			path = architecturesTests;
			sourceTree = "<group>";
		};
		99178B3B20AFE8F4008E7407 /* architecturesUITests */ = {
			isa = PBXGroup;
			children = (
				99178B3C20AFE8F4008E7407 /* architecturesUITests.swift */,
				99178B3E20AFE8F4008E7407 /* Info.plist */,
			);
			path = architecturesUITests;
			sourceTree = "<group>";
		};
		BEF3CDA49603687D9C024AD6 /* Frameworks */ = {
			isa = PBXGroup;
			children = (
				9C18743FDDD1E934AE19EBF6 /* Pods_architectures.framework */,
				094F1EA3778082BA0F00ABAD /* Pods_architecturesTests.framework */,
				4106691E116ED7F4A0307BB3 /* Pods_architecturesUITests.framework */,
			);
			name = Frameworks;
			sourceTree = "<group>";
		};
/* End PBXGroup section */

/* Begin PBXNativeTarget section */
		99178B1820AFE8F3008E7407 /* architectures */ = {
			isa = PBXNativeTarget;
			buildConfigurationList = 99178B4120AFE8F4008E7407 /* Build configuration list for PBXNativeTarget "architectures" */;
			buildPhases = (
				B9A2B2D0792E03A22ADFAD78 /* [CP] Check Pods Manifest.lock */,
				99178B1520AFE8F3008E7407 /* Sources */,
				99178B1620AFE8F3008E7407 /* Frameworks */,
				99178B1720AFE8F3008E7407 /* Resources */,
				6079A1749CC84C21C0AFE071 /* [CP] Embed Pods Frameworks */,
			);
			buildRules = (
			);
			dependencies = (
			);
			name = architectures;
			productName = architectures;
			productReference = 99178B1920AFE8F3008E7407 /* architectures.app */;
			productType = "com.apple.product-type.application";
		};
		99178B2C20AFE8F4008E7407 /* architecturesTests */ = {
			isa = PBXNativeTarget;
			buildConfigurationList = 99178B4420AFE8F4008E7407 /* Build configuration list for PBXNativeTarget "architecturesTests" */;
			buildPhases = (
				DD6D4DDDE3D5D992989F62EC /* [CP] Check Pods Manifest.lock */,
				99178B2920AFE8F4008E7407 /* Sources */,
				99178B2A20AFE8F4008E7407 /* Frameworks */,
				99178B2B20AFE8F4008E7407 /* Resources */,
				E830C50E024B8B446C24C71C /* [CP] Embed Pods Frameworks */,
			);
			buildRules = (
			);
			dependencies = (
				99178B2F20AFE8F4008E7407 /* PBXTargetDependency */,
			);
			name = architecturesTests;
			productName = architecturesTests;
			productReference = 99178B2D20AFE8F4008E7407 /* architecturesTests.xctest */;
			productType = "com.apple.product-type.bundle.unit-test";
		};
		99178B3720AFE8F4008E7407 /* architecturesUITests */ = {
			isa = PBXNativeTarget;
			buildConfigurationList = 99178B4720AFE8F4008E7407 /* Build configuration list for PBXNativeTarget "architecturesUITests" */;
			buildPhases = (
				782A1885DEFA814AD3B96A69 /* [CP] Check Pods Manifest.lock */,
				99178B3420AFE8F4008E7407 /* Sources */,
				99178B3520AFE8F4008E7407 /* Frameworks */,
				99178B3620AFE8F4008E7407 /* Resources */,
				66425B293FA6BC995AB483EF /* [CP] Embed Pods Frameworks */,
			);
			buildRules = (
			);
			dependencies = (
				99178B3A20AFE8F4008E7407 /* PBXTargetDependency */,
			);
			name = architecturesUITests;
			productName = architecturesUITests;
			productReference = 99178B3820AFE8F4008E7407 /* architecturesUITests.xctest */;
			productType = "com.apple.product-type.bundle.ui-testing";
		};
/* End PBXNativeTarget section */

/* Begin PBXProject section */
		99178B1120AFE8F3008E7407 /* Project object */ = {
			isa = PBXProject;
			attributes = {
				LastSwiftUpdateCheck = 0930;
				LastUpgradeCheck = 0930;
				ORGANIZATIONNAME = "Yuto Mizutani";
				TargetAttributes = {
					99178B1820AFE8F3008E7407 = {
						CreatedOnToolsVersion = 9.3;
					};
					99178B2C20AFE8F4008E7407 = {
						CreatedOnToolsVersion = 9.3;
						TestTargetID = 99178B1820AFE8F3008E7407;
					};
					99178B3720AFE8F4008E7407 = {
						CreatedOnToolsVersion = 9.3;
						TestTargetID = 99178B1820AFE8F3008E7407;
					};
				};
			};
			buildConfigurationList = 99178B1420AFE8F3008E7407 /* Build configuration list for PBXProject "architectures" */;
			compatibilityVersion = "Xcode 9.3";
			developmentRegion = en;
			hasScannedForEncodings = 0;
			knownRegions = (
				en,
				Base,
			);
			mainGroup = 99178B1020AFE8F3008E7407;
			productRefGroup = 99178B1A20AFE8F3008E7407 /* Products */;
			projectDirPath = "";
			projectRoot = "";
			targets = (
				99178B1820AFE8F3008E7407 /* architectures */,
				99178B2C20AFE8F4008E7407 /* architecturesTests */,
				99178B3720AFE8F4008E7407 /* architecturesUITests */,
			);
		};
/* End PBXProject section */

/* Begin PBXResourcesBuildPhase section */
		99178B1720AFE8F3008E7407 /* Resources */ = {
			isa = PBXResourcesBuildPhase;
			buildActionMask = 2147483647;
			files = (
				99178B2720AFE8F4008E7407 /* LaunchScreen.storyboard in Resources */,
				99178B2420AFE8F4008E7407 /* Assets.xcassets in Resources */,
				99178B2220AFE8F3008E7407 /* Main.storyboard in Resources */,
			);
			runOnlyForDeploymentPostprocessing = 0;
		};
		99178B2B20AFE8F4008E7407 /* Resources */ = {
			isa = PBXResourcesBuildPhase;
			buildActionMask = 2147483647;
			files = (
			);
			runOnlyForDeploymentPostprocessing = 0;
		};
		99178B3620AFE8F4008E7407 /* Resources */ = {
			isa = PBXResourcesBuildPhase;
			buildActionMask = 2147483647;
			files = (
			);
			runOnlyForDeploymentPostprocessing = 0;
		};
/* End PBXResourcesBuildPhase section */

/* Begin PBXShellScriptBuildPhase section */
		6079A1749CC84C21C0AFE071 /* [CP] Embed Pods Frameworks */ = {
			isa = PBXShellScriptBuildPhase;
			buildActionMask = 2147483647;
			files = (
			);
			inputPaths = (
				"${SRCROOT}/Pods/Target Support Files/Pods-architectures/Pods-architectures-frameworks.sh",
				"${BUILT_PRODUCTS_DIR}/Alamofire/Alamofire.framework",
				"${BUILT_PRODUCTS_DIR}/Eureka/Eureka.framework",
				"${BUILT_PRODUCTS_DIR}/RxCocoa/RxCocoa.framework",
				"${BUILT_PRODUCTS_DIR}/RxSwift/RxSwift.framework",
				"${BUILT_PRODUCTS_DIR}/SwiftyJSON/SwiftyJSON.framework",
			);
			name = "[CP] Embed Pods Frameworks";
			outputPaths = (
				"${TARGET_BUILD_DIR}/${FRAMEWORKS_FOLDER_PATH}/Alamofire.framework",
				"${TARGET_BUILD_DIR}/${FRAMEWORKS_FOLDER_PATH}/Eureka.framework",
				"${TARGET_BUILD_DIR}/${FRAMEWORKS_FOLDER_PATH}/RxCocoa.framework",
				"${TARGET_BUILD_DIR}/${FRAMEWORKS_FOLDER_PATH}/RxSwift.framework",
				"${TARGET_BUILD_DIR}/${FRAMEWORKS_FOLDER_PATH}/SwiftyJSON.framework",
			);
			runOnlyForDeploymentPostprocessing = 0;
			shellPath = /bin/sh;
			shellScript = "\"${SRCROOT}/Pods/Target Support Files/Pods-architectures/Pods-architectures-frameworks.sh\"\n";
			showEnvVarsInLog = 0;
		};
		66425B293FA6BC995AB483EF /* [CP] Embed Pods Frameworks */ = {
			isa = PBXShellScriptBuildPhase;
			buildActionMask = 2147483647;
			files = (
			);
			inputPaths = (
				"${SRCROOT}/Pods/Target Support Files/Pods-architecturesUITests/Pods-architecturesUITests-frameworks.sh",
				"${BUILT_PRODUCTS_DIR}/Eureka/Eureka.framework",
				"${BUILT_PRODUCTS_DIR}/RxCocoa/RxCocoa.framework",
				"${BUILT_PRODUCTS_DIR}/RxSwift/RxSwift.framework",
			);
			name = "[CP] Embed Pods Frameworks";
			outputPaths = (
				"${TARGET_BUILD_DIR}/${FRAMEWORKS_FOLDER_PATH}/Eureka.framework",
				"${TARGET_BUILD_DIR}/${FRAMEWORKS_FOLDER_PATH}/RxCocoa.framework",
				"${TARGET_BUILD_DIR}/${FRAMEWORKS_FOLDER_PATH}/RxSwift.framework",
			);
			runOnlyForDeploymentPostprocessing = 0;
			shellPath = /bin/sh;
			shellScript = "\"${SRCROOT}/Pods/Target Support Files/Pods-architecturesUITests/Pods-architecturesUITests-frameworks.sh\"\n";
			showEnvVarsInLog = 0;
		};
		782A1885DEFA814AD3B96A69 /* [CP] Check Pods Manifest.lock */ = {
			isa = PBXShellScriptBuildPhase;
			buildActionMask = 2147483647;
			files = (
			);
			inputPaths = (
				"${PODS_PODFILE_DIR_PATH}/Podfile.lock",
				"${PODS_ROOT}/Manifest.lock",
			);
			name = "[CP] Check Pods Manifest.lock";
			outputPaths = (
				"$(DERIVED_FILE_DIR)/Pods-architecturesUITests-checkManifestLockResult.txt",
			);
			runOnlyForDeploymentPostprocessing = 0;
			shellPath = /bin/sh;
			shellScript = "diff \"${PODS_PODFILE_DIR_PATH}/Podfile.lock\" \"${PODS_ROOT}/Manifest.lock\" > /dev/null\nif [ $? != 0 ] ; then\n    # print error to STDERR\n    echo \"error: The sandbox is not in sync with the Podfile.lock. Run 'pod install' or update your CocoaPods installation.\" >&2\n    exit 1\nfi\n# This output is used by Xcode 'outputs' to avoid re-running this script phase.\necho \"SUCCESS\" > \"${SCRIPT_OUTPUT_FILE_0}\"\n";
			showEnvVarsInLog = 0;
		};
		B9A2B2D0792E03A22ADFAD78 /* [CP] Check Pods Manifest.lock */ = {
			isa = PBXShellScriptBuildPhase;
			buildActionMask = 2147483647;
			files = (
			);
			inputPaths = (
				"${PODS_PODFILE_DIR_PATH}/Podfile.lock",
				"${PODS_ROOT}/Manifest.lock",
			);
			name = "[CP] Check Pods Manifest.lock";
			outputPaths = (
				"$(DERIVED_FILE_DIR)/Pods-architectures-checkManifestLockResult.txt",
			);
			runOnlyForDeploymentPostprocessing = 0;
			shellPath = /bin/sh;
			shellScript = "diff \"${PODS_PODFILE_DIR_PATH}/Podfile.lock\" \"${PODS_ROOT}/Manifest.lock\" > /dev/null\nif [ $? != 0 ] ; then\n    # print error to STDERR\n    echo \"error: The sandbox is not in sync with the Podfile.lock. Run 'pod install' or update your CocoaPods installation.\" >&2\n    exit 1\nfi\n# This output is used by Xcode 'outputs' to avoid re-running this script phase.\necho \"SUCCESS\" > \"${SCRIPT_OUTPUT_FILE_0}\"\n";
			showEnvVarsInLog = 0;
		};
		DD6D4DDDE3D5D992989F62EC /* [CP] Check Pods Manifest.lock */ = {
			isa = PBXShellScriptBuildPhase;
			buildActionMask = 2147483647;
			files = (
			);
			inputPaths = (
				"${PODS_PODFILE_DIR_PATH}/Podfile.lock",
				"${PODS_ROOT}/Manifest.lock",
			);
			name = "[CP] Check Pods Manifest.lock";
			outputPaths = (
				"$(DERIVED_FILE_DIR)/Pods-architecturesTests-checkManifestLockResult.txt",
			);
			runOnlyForDeploymentPostprocessing = 0;
			shellPath = /bin/sh;
			shellScript = "diff \"${PODS_PODFILE_DIR_PATH}/Podfile.lock\" \"${PODS_ROOT}/Manifest.lock\" > /dev/null\nif [ $? != 0 ] ; then\n    # print error to STDERR\n    echo \"error: The sandbox is not in sync with the Podfile.lock. Run 'pod install' or update your CocoaPods installation.\" >&2\n    exit 1\nfi\n# This output is used by Xcode 'outputs' to avoid re-running this script phase.\necho \"SUCCESS\" > \"${SCRIPT_OUTPUT_FILE_0}\"\n";
			showEnvVarsInLog = 0;
		};
		E830C50E024B8B446C24C71C /* [CP] Embed Pods Frameworks */ = {
			isa = PBXShellScriptBuildPhase;
			buildActionMask = 2147483647;
			files = (
			);
			inputPaths = (
				"${SRCROOT}/Pods/Target Support Files/Pods-architecturesTests/Pods-architecturesTests-frameworks.sh",
				"${BUILT_PRODUCTS_DIR}/Alamofire/Alamofire.framework",
				"${BUILT_PRODUCTS_DIR}/RxCocoa/RxCocoa.framework",
				"${BUILT_PRODUCTS_DIR}/RxSwift/RxSwift.framework",
				"${BUILT_PRODUCTS_DIR}/SwiftyJSON/SwiftyJSON.framework",
			);
			name = "[CP] Embed Pods Frameworks";
			outputPaths = (
				"${TARGET_BUILD_DIR}/${FRAMEWORKS_FOLDER_PATH}/Alamofire.framework",
				"${TARGET_BUILD_DIR}/${FRAMEWORKS_FOLDER_PATH}/RxCocoa.framework",
				"${TARGET_BUILD_DIR}/${FRAMEWORKS_FOLDER_PATH}/RxSwift.framework",
				"${TARGET_BUILD_DIR}/${FRAMEWORKS_FOLDER_PATH}/SwiftyJSON.framework",
			);
			runOnlyForDeploymentPostprocessing = 0;
			shellPath = /bin/sh;
			shellScript = "\"${SRCROOT}/Pods/Target Support Files/Pods-architecturesTests/Pods-architecturesTests-frameworks.sh\"\n";
			showEnvVarsInLog = 0;
		};
/* End PBXShellScriptBuildPhase section */

/* Begin PBXSourcesBuildPhase section */
		99178B1520AFE8F3008E7407 /* Sources */ = {
			isa = PBXSourcesBuildPhase;
			buildActionMask = 2147483647;
			files = (
				99178B1F20AFE8F3008E7407 /* ViewController.swift in Sources */,
				99178B1D20AFE8F3008E7407 /* AppDelegate.swift in Sources */,
			);
			runOnlyForDeploymentPostprocessing = 0;
		};
		99178B2920AFE8F4008E7407 /* Sources */ = {
			isa = PBXSourcesBuildPhase;
			buildActionMask = 2147483647;
			files = (
				99178B3220AFE8F4008E7407 /* architecturesTests.swift in Sources */,
			);
			runOnlyForDeploymentPostprocessing = 0;
		};
		99178B3420AFE8F4008E7407 /* Sources */ = {
			isa = PBXSourcesBuildPhase;
			buildActionMask = 2147483647;
			files = (
				99178B3D20AFE8F4008E7407 /* architecturesUITests.swift in Sources */,
			);
			runOnlyForDeploymentPostprocessing = 0;
		};
/* End PBXSourcesBuildPhase section */

/* Begin PBXTargetDependency section */
		99178B2F20AFE8F4008E7407 /* PBXTargetDependency */ = {
			isa = PBXTargetDependency;
			target = 99178B1820AFE8F3008E7407 /* architectures */;
			targetProxy = 99178B2E20AFE8F4008E7407 /* PBXContainerItemProxy */;
		};
		99178B3A20AFE8F4008E7407 /* PBXTargetDependency */ = {
			isa = PBXTargetDependency;
			target = 99178B1820AFE8F3008E7407 /* architectures */;
			targetProxy = 99178B3920AFE8F4008E7407 /* PBXContainerItemProxy */;
		};
/* End PBXTargetDependency section */

/* Begin PBXVariantGroup section */
		99178B2020AFE8F3008E7407 /* Main.storyboard */ = {
			isa = PBXVariantGroup;
			children = (
				99178B2120AFE8F3008E7407 /* Base */,
			);
			name = Main.storyboard;
			sourceTree = "<group>";
		};
		99178B2520AFE8F4008E7407 /* LaunchScreen.storyboard */ = {
			isa = PBXVariantGroup;
			children = (
				99178B2620AFE8F4008E7407 /* Base */,
			);
			name = LaunchScreen.storyboard;
			sourceTree = "<group>";
		};
/* End PBXVariantGroup section */

/* Begin XCBuildConfiguration section */
		99178B3F20AFE8F4008E7407 /* Debug */ = {
			isa = XCBuildConfiguration;
			buildSettings = {
				ALWAYS_SEARCH_USER_PATHS = NO;
				CLANG_ANALYZER_NONNULL = YES;
				CLANG_ANALYZER_NUMBER_OBJECT_CONVERSION = YES_AGGRESSIVE;
				CLANG_CXX_LANGUAGE_STANDARD = "gnu++14";
				CLANG_CXX_LIBRARY = "libc++";
				CLANG_ENABLE_MODULES = YES;
				CLANG_ENABLE_OBJC_ARC = YES;
				CLANG_ENABLE_OBJC_WEAK = YES;
				CLANG_WARN_BLOCK_CAPTURE_AUTORELEASING = YES;
				CLANG_WARN_BOOL_CONVERSION = YES;
				CLANG_WARN_COMMA = YES;
				CLANG_WARN_CONSTANT_CONVERSION = YES;
				CLANG_WARN_DEPRECATED_OBJC_IMPLEMENTATIONS = YES;
				CLANG_WARN_DIRECT_OBJC_ISA_USAGE = YES_ERROR;
				CLANG_WARN_DOCUMENTATION_COMMENTS = YES;
				CLANG_WARN_EMPTY_BODY = YES;
				CLANG_WARN_ENUM_CONVERSION = YES;
				CLANG_WARN_INFINITE_RECURSION = YES;
				CLANG_WARN_INT_CONVERSION = YES;
				CLANG_WARN_NON_LITERAL_NULL_CONVERSION = YES;
				CLANG_WARN_OBJC_IMPLICIT_RETAIN_SELF = YES;
				CLANG_WARN_OBJC_LITERAL_CONVERSION = YES;
				CLANG_WARN_OBJC_ROOT_CLASS = YES_ERROR;
				CLANG_WARN_RANGE_LOOP_ANALYSIS = YES;
				CLANG_WARN_STRICT_PROTOTYPES = YES;
				CLANG_WARN_SUSPICIOUS_MOVE = YES;
				CLANG_WARN_UNGUARDED_AVAILABILITY = YES_AGGRESSIVE;
				CLANG_WARN_UNREACHABLE_CODE = YES;
				CLANG_WARN__DUPLICATE_METHOD_MATCH = YES;
				CODE_SIGN_IDENTITY = "iPhone Developer";
				COPY_PHASE_STRIP = NO;
				DEBUG_INFORMATION_FORMAT = dwarf;
				ENABLE_STRICT_OBJC_MSGSEND = YES;
				ENABLE_TESTABILITY = YES;
				GCC_C_LANGUAGE_STANDARD = gnu11;
				GCC_DYNAMIC_NO_PIC = NO;
				GCC_NO_COMMON_BLOCKS = YES;
				GCC_OPTIMIZATION_LEVEL = 0;
				GCC_PREPROCESSOR_DEFINITIONS = (
					"DEBUG=1",
					"$(inherited)",
				);
				GCC_WARN_64_TO_32_BIT_CONVERSION = YES;
				GCC_WARN_ABOUT_RETURN_TYPE = YES_ERROR;
				GCC_WARN_UNDECLARED_SELECTOR = YES;
				GCC_WARN_UNINITIALIZED_AUTOS = YES_AGGRESSIVE;
				GCC_WARN_UNUSED_FUNCTION = YES;
				GCC_WARN_UNUSED_VARIABLE = YES;
				IPHONEOS_DEPLOYMENT_TARGET = 11.3;
				MTL_ENABLE_DEBUG_INFO = YES;
				ONLY_ACTIVE_ARCH = YES;
				SDKROOT = iphoneos;
				SWIFT_ACTIVE_COMPILATION_CONDITIONS = DEBUG;
				SWIFT_OPTIMIZATION_LEVEL = "-Onone";
			};
			name = Debug;
		};
		99178B4020AFE8F4008E7407 /* Release */ = {
			isa = XCBuildConfiguration;
			buildSettings = {
				ALWAYS_SEARCH_USER_PATHS = NO;
				CLANG_ANALYZER_NONNULL = YES;
				CLANG_ANALYZER_NUMBER_OBJECT_CONVERSION = YES_AGGRESSIVE;
				CLANG_CXX_LANGUAGE_STANDARD = "gnu++14";
				CLANG_CXX_LIBRARY = "libc++";
				CLANG_ENABLE_MODULES = YES;
				CLANG_ENABLE_OBJC_ARC = YES;
				CLANG_ENABLE_OBJC_WEAK = YES;
				CLANG_WARN_BLOCK_CAPTURE_AUTORELEASING = YES;
				CLANG_WARN_BOOL_CONVERSION = YES;
				CLANG_WARN_COMMA = YES;
				CLANG_WARN_CONSTANT_CONVERSION = YES;
				CLANG_WARN_DEPRECATED_OBJC_IMPLEMENTATIONS = YES;
				CLANG_WARN_DIRECT_OBJC_ISA_USAGE = YES_ERROR;
				CLANG_WARN_DOCUMENTATION_COMMENTS = YES;
				CLANG_WARN_EMPTY_BODY = YES;
				CLANG_WARN_ENUM_CONVERSION = YES;
				CLANG_WARN_INFINITE_RECURSION = YES;
				CLANG_WARN_INT_CONVERSION = YES;
				CLANG_WARN_NON_LITERAL_NULL_CONVERSION = YES;
				CLANG_WARN_OBJC_IMPLICIT_RETAIN_SELF = YES;
				CLANG_WARN_OBJC_LITERAL_CONVERSION = YES;
				CLANG_WARN_OBJC_ROOT_CLASS = YES_ERROR;
				CLANG_WARN_RANGE_LOOP_ANALYSIS = YES;
				CLANG_WARN_STRICT_PROTOTYPES = YES;
				CLANG_WARN_SUSPICIOUS_MOVE = YES;
				CLANG_WARN_UNGUARDED_AVAILABILITY = YES_AGGRESSIVE;
				CLANG_WARN_UNREACHABLE_CODE = YES;
				CLANG_WARN__DUPLICATE_METHOD_MATCH = YES;
				CODE_SIGN_IDENTITY = "iPhone Developer";
				COPY_PHASE_STRIP = NO;
				DEBUG_INFORMATION_FORMAT = "dwarf-with-dsym";
				ENABLE_NS_ASSERTIONS = NO;
				ENABLE_STRICT_OBJC_MSGSEND = YES;
				GCC_C_LANGUAGE_STANDARD = gnu11;
				GCC_NO_COMMON_BLOCKS = YES;
				GCC_WARN_64_TO_32_BIT_CONVERSION = YES;
				GCC_WARN_ABOUT_RETURN_TYPE = YES_ERROR;
				GCC_WARN_UNDECLARED_SELECTOR = YES;
				GCC_WARN_UNINITIALIZED_AUTOS = YES_AGGRESSIVE;
				GCC_WARN_UNUSED_FUNCTION = YES;
				GCC_WARN_UNUSED_VARIABLE = YES;
				IPHONEOS_DEPLOYMENT_TARGET = 11.3;
				MTL_ENABLE_DEBUG_INFO = NO;
				SDKROOT = iphoneos;
				SWIFT_COMPILATION_MODE = wholemodule;
				SWIFT_OPTIMIZATION_LEVEL = "-O";
				VALIDATE_PRODUCT = YES;
			};
			name = Release;
		};
		99178B4220AFE8F4008E7407 /* Debug */ = {
			isa = XCBuildConfiguration;
			baseConfigurationReference = E4C5A1D8A77B83F3237E5A1D /* Pods-architectures.debug.xcconfig */;
			buildSettings = {
				ASSETCATALOG_COMPILER_APPICON_NAME = AppIcon;
				CODE_SIGN_STYLE = Automatic;
				DEVELOPMENT_TEAM = Y3FSN97W3M;
				INFOPLIST_FILE = architectures/Info.plist;
				LD_RUNPATH_SEARCH_PATHS = (
					"$(inherited)",
					"@executable_path/Frameworks",
				);
				PRODUCT_BUNDLE_IDENTIFIER = com.ym.architectures;
				PRODUCT_NAME = "$(TARGET_NAME)";
				SWIFT_VERSION = 4.0;
				TARGETED_DEVICE_FAMILY = "1,2";
			};
			name = Debug;
		};
		99178B4320AFE8F4008E7407 /* Release */ = {
			isa = XCBuildConfiguration;
			baseConfigurationReference = 3A2BED04DF00817809493BA8 /* Pods-architectures.release.xcconfig */;
			buildSettings = {
				ASSETCATALOG_COMPILER_APPICON_NAME = AppIcon;
				CODE_SIGN_STYLE = Automatic;
				DEVELOPMENT_TEAM = Y3FSN97W3M;
				INFOPLIST_FILE = architectures/Info.plist;
				LD_RUNPATH_SEARCH_PATHS = (
					"$(inherited)",
					"@executable_path/Frameworks",
				);
				PRODUCT_BUNDLE_IDENTIFIER = com.ym.architectures;
				PRODUCT_NAME = "$(TARGET_NAME)";
				SWIFT_VERSION = 4.0;
				TARGETED_DEVICE_FAMILY = "1,2";
			};
			name = Release;
		};
		99178B4520AFE8F4008E7407 /* Debug */ = {
			isa = XCBuildConfiguration;
			baseConfigurationReference = 9C26A8A79362503D7C6040E3 /* Pods-architecturesTests.debug.xcconfig */;
			buildSettings = {
				ALWAYS_EMBED_SWIFT_STANDARD_LIBRARIES = YES;
				BUNDLE_LOADER = "$(TEST_HOST)";
				CODE_SIGN_STYLE = Automatic;
				DEVELOPMENT_TEAM = Y3FSN97W3M;
				INFOPLIST_FILE = architecturesTests/Info.plist;
				LD_RUNPATH_SEARCH_PATHS = (
					"$(inherited)",
					"@executable_path/Frameworks",
					"@loader_path/Frameworks",
				);
				PRODUCT_BUNDLE_IDENTIFIER = com.ym.architecturesTests;
				PRODUCT_NAME = "$(TARGET_NAME)";
				SWIFT_VERSION = 4.0;
				TARGETED_DEVICE_FAMILY = "1,2";
				TEST_HOST = "$(BUILT_PRODUCTS_DIR)/architectures.app/architectures";
			};
			name = Debug;
		};
		99178B4620AFE8F4008E7407 /* Release */ = {
			isa = XCBuildConfiguration;
			baseConfigurationReference = 24E129B6101DE5815AC31525 /* Pods-architecturesTests.release.xcconfig */;
			buildSettings = {
				ALWAYS_EMBED_SWIFT_STANDARD_LIBRARIES = YES;
				BUNDLE_LOADER = "$(TEST_HOST)";
				CODE_SIGN_STYLE = Automatic;
				DEVELOPMENT_TEAM = Y3FSN97W3M;
				INFOPLIST_FILE = architecturesTests/Info.plist;
				LD_RUNPATH_SEARCH_PATHS = (
					"$(inherited)",
					"@executable_path/Frameworks",
					"@loader_path/Frameworks",
				);
				PRODUCT_BUNDLE_IDENTIFIER = com.ym.architecturesTests;
				PRODUCT_NAME = "$(TARGET_NAME)";
				SWIFT_VERSION = 4.0;
				TARGETED_DEVICE_FAMILY = "1,2";
				TEST_HOST = "$(BUILT_PRODUCTS_DIR)/architectures.app/architectures";
			};
			name = Release;
		};
		99178B4820AFE8F4008E7407 /* Debug */ = {
			isa = XCBuildConfiguration;
			baseConfigurationReference = AB1C98A2DB87E9322CF21174 /* Pods-architecturesUITests.debug.xcconfig */;
			buildSettings = {
				ALWAYS_EMBED_SWIFT_STANDARD_LIBRARIES = YES;
				CODE_SIGN_STYLE = Automatic;
				DEVELOPMENT_TEAM = Y3FSN97W3M;
				INFOPLIST_FILE = architecturesUITests/Info.plist;
				LD_RUNPATH_SEARCH_PATHS = (
					"$(inherited)",
					"@executable_path/Frameworks",
					"@loader_path/Frameworks",
				);
				PRODUCT_BUNDLE_IDENTIFIER = com.ym.architecturesUITests;
				PRODUCT_NAME = "$(TARGET_NAME)";
				SWIFT_VERSION = 4.0;
				TARGETED_DEVICE_FAMILY = "1,2";
				TEST_TARGET_NAME = architectures;
			};
			name = Debug;
		};
		99178B4920AFE8F4008E7407 /* Release */ = {
			isa = XCBuildConfiguration;
			baseConfigurationReference = E38846866D42B522AFED8166 /* Pods-architecturesUITests.release.xcconfig */;
			buildSettings = {
				ALWAYS_EMBED_SWIFT_STANDARD_LIBRARIES = YES;
				CODE_SIGN_STYLE = Automatic;
				DEVELOPMENT_TEAM = Y3FSN97W3M;
				INFOPLIST_FILE = architecturesUITests/Info.plist;
				LD_RUNPATH_SEARCH_PATHS = (
					"$(inherited)",
					"@executable_path/Frameworks",
					"@loader_path/Frameworks",
				);
				PRODUCT_BUNDLE_IDENTIFIER = com.ym.architecturesUITests;
				PRODUCT_NAME = "$(TARGET_NAME)";
				SWIFT_VERSION = 4.0;
				TARGETED_DEVICE_FAMILY = "1,2";
				TEST_TARGET_NAME = architectures;
			};
			name = Release;
		};
/* End XCBuildConfiguration section */

/* Begin XCConfigurationList section */
		99178B1420AFE8F3008E7407 /* Build configuration list for PBXProject "architectures" */ = {
			isa = XCConfigurationList;
			buildConfigurations = (
				99178B3F20AFE8F4008E7407 /* Debug */,
				99178B4020AFE8F4008E7407 /* Release */,
			);
			defaultConfigurationIsVisible = 0;
			defaultConfigurationName = Release;
		};
		99178B4120AFE8F4008E7407 /* Build configuration list for PBXNativeTarget "architectures" */ = {
			isa = XCConfigurationList;
			buildConfigurations = (
				99178B4220AFE8F4008E7407 /* Debug */,
				99178B4320AFE8F4008E7407 /* Release */,
			);
			defaultConfigurationIsVisible = 0;
			defaultConfigurationName = Release;
		};
		99178B4420AFE8F4008E7407 /* Build configuration list for PBXNativeTarget "architecturesTests" */ = {
			isa = XCConfigurationList;
			buildConfigurations = (
				99178B4520AFE8F4008E7407 /* Debug */,
				99178B4620AFE8F4008E7407 /* Release */,
			);
			defaultConfigurationIsVisible = 0;
			defaultConfigurationName = Release;
		};
		99178B4720AFE8F4008E7407 /* Build configuration list for PBXNativeTarget "architecturesUITests" */ = {
			isa = XCConfigurationList;
			buildConfigurations = (
				99178B4820AFE8F4008E7407 /* Debug */,
				99178B4920AFE8F4008E7407 /* Release */,
			);
			defaultConfigurationIsVisible = 0;
			defaultConfigurationName = Release;
		};
/* End XCConfigurationList section */
	};
	rootObject = 99178B1120AFE8F3008E7407 /* Project object */;
}
