PODS:
  - Eureka (4.2.0)
  - ReSwift (4.0.1)
  - RxCocoa (4.2.0):
    - RxSwift (~> 4.0)
  - RxFeedback (1.0.3):
    - RxCocoa (~> 4.0)
    - RxSwift (~> 4.0)
  - RxSwift (4.2.0)

DEPENDENCIES:
  - Eureka
  - ReSwift
  - RxCocoa
  - RxFeedback
  - RxSwift

SPEC REPOS:
  https://github.com/cocoapods/specs.git:
    - Eureka
    - ReSwift
    - RxCocoa
    - RxFeedback
    - RxSwift

SPEC CHECKSUMS:
  Eureka: 0748c7bbb2560130e43c7bfa83e99c98854a1f42
  ReSwift: f4012c613e13da7398827fe5aebdb938eaed40a3
  RxCocoa: 0b54909c902e1e581212a03e690bbd94032d8baa
  RxFeedback: 0b032eb82a4cf858b3b97fb8eb30a895f837fbda
  RxSwift: 99e10317ddfcc7fbe01356aafd118fde4a0be104

PODFILE CHECKSUM: f7b694ffce44debfb927c9aebb8b46dddd12092d

COCOAPODS: 1.5.3
